// !$*UTF8*$!
{
	archiveVersion = 1;
	classes = {
	};
	objectVersion = 46;
	objects = {

/* Begin PBXBuildFile section */
		8F0BA78E145C72F1003E2DE0 /* UIKit.framework in Frameworks */ = {isa = PBXBuildFile; fileRef = 8F0BA78D145C72F1003E2DE0 /* UIKit.framework */; };
		8F0BA790145C72F1003E2DE0 /* Foundation.framework in Frameworks */ = {isa = PBXBuildFile; fileRef = 8F0BA78F145C72F1003E2DE0 /* Foundation.framework */; };
		8F0BA792145C72F1003E2DE0 /* CoreGraphics.framework in Frameworks */ = {isa = PBXBuildFile; fileRef = 8F0BA791145C72F1003E2DE0 /* CoreGraphics.framework */; };
		8F0BA794145C72F1003E2DE0 /* CoreData.framework in Frameworks */ = {isa = PBXBuildFile; fileRef = 8F0BA793145C72F1003E2DE0 /* CoreData.framework */; };
		8F0BA79A145C72F1003E2DE0 /* InfoPlist.strings in Resources */ = {isa = PBXBuildFile; fileRef = 8F0BA798145C72F1003E2DE0 /* InfoPlist.strings */; };
		8F0BA79C145C72F1003E2DE0 /* main.m in Sources */ = {isa = PBXBuildFile; fileRef = 8F0BA79B145C72F1003E2DE0 /* main.m */; };
		8F0BA7A0145C72F1003E2DE0 /* SFAppDelegate.m in Sources */ = {isa = PBXBuildFile; fileRef = 8F0BA79F145C72F1003E2DE0 /* SFAppDelegate.m */; };
		8F0BA7A3145C72F1003E2DE0 /* MainStoryboard.storyboard in Resources */ = {isa = PBXBuildFile; fileRef = 8F0BA7A1145C72F1003E2DE0 /* MainStoryboard.storyboard */; };
		8F0BA7A6145C72F2003E2DE0 /* Studifutter.xcdatamodeld in Sources */ = {isa = PBXBuildFile; fileRef = 8F0BA7A4145C72F1003E2DE0 /* Studifutter.xcdatamodeld */; };
		8F0BA7A9145C72F2003E2DE0 /* SFMasterViewController.m in Sources */ = {isa = PBXBuildFile; fileRef = 8F0BA7A8145C72F2003E2DE0 /* SFMasterViewController.m */; };
		8F0BA7AC145C72F2003E2DE0 /* SFDetailViewController.m in Sources */ = {isa = PBXBuildFile; fileRef = 8F0BA7AB145C72F2003E2DE0 /* SFDetailViewController.m */; };
		8F0BA7B4145C72F2003E2DE0 /* SenTestingKit.framework in Frameworks */ = {isa = PBXBuildFile; fileRef = 8F0BA7B3145C72F2003E2DE0 /* SenTestingKit.framework */; };
		8F0BA7B5145C72F2003E2DE0 /* UIKit.framework in Frameworks */ = {isa = PBXBuildFile; fileRef = 8F0BA78D145C72F1003E2DE0 /* UIKit.framework */; };
		8F0BA7B6145C72F2003E2DE0 /* Foundation.framework in Frameworks */ = {isa = PBXBuildFile; fileRef = 8F0BA78F145C72F1003E2DE0 /* Foundation.framework */; };
		8F0BA7B7145C72F2003E2DE0 /* CoreData.framework in Frameworks */ = {isa = PBXBuildFile; fileRef = 8F0BA793145C72F1003E2DE0 /* CoreData.framework */; };
		8F0BA7BF145C72F2003E2DE0 /* InfoPlist.strings in Resources */ = {isa = PBXBuildFile; fileRef = 8F0BA7BD145C72F2003E2DE0 /* InfoPlist.strings */; };
		8F0BA7C2145C72F2003E2DE0 /* StudifutterTests.m in Sources */ = {isa = PBXBuildFile; fileRef = 8F0BA7C1145C72F2003E2DE0 /* StudifutterTests.m */; };
/* End PBXBuildFile section */

/* Begin PBXContainerItemProxy section */
		8F0BA7B8145C72F2003E2DE0 /* PBXContainerItemProxy */ = {
			isa = PBXContainerItemProxy;
			containerPortal = 8F0BA780145C72F1003E2DE0 /* Project object */;
			proxyType = 1;
			remoteGlobalIDString = 8F0BA788145C72F1003E2DE0;
			remoteInfo = Studifutter;
		};
/* End PBXContainerItemProxy section */

/* Begin PBXFileReference section */
		8F0BA789145C72F1003E2DE0 /* Studifutter.app */ = {isa = PBXFileReference; explicitFileType = wrapper.application; includeInIndex = 0; path = Studifutter.app; sourceTree = BUILT_PRODUCTS_DIR; };
		8F0BA78D145C72F1003E2DE0 /* UIKit.framework */ = {isa = PBXFileReference; lastKnownFileType = wrapper.framework; name = UIKit.framework; path = System/Library/Frameworks/UIKit.framework; sourceTree = SDKROOT; };
		8F0BA78F145C72F1003E2DE0 /* Foundation.framework */ = {isa = PBXFileReference; lastKnownFileType = wrapper.framework; name = Foundation.framework; path = System/Library/Frameworks/Foundation.framework; sourceTree = SDKROOT; };
		8F0BA791145C72F1003E2DE0 /* CoreGraphics.framework */ = {isa = PBXFileReference; lastKnownFileType = wrapper.framework; name = CoreGraphics.framework; path = System/Library/Frameworks/CoreGraphics.framework; sourceTree = SDKROOT; };
		8F0BA793145C72F1003E2DE0 /* CoreData.framework */ = {isa = PBXFileReference; lastKnownFileType = wrapper.framework; name = CoreData.framework; path = System/Library/Frameworks/CoreData.framework; sourceTree = SDKROOT; };
		8F0BA797145C72F1003E2DE0 /* Studifutter-Info.plist */ = {isa = PBXFileReference; lastKnownFileType = text.plist.xml; path = "Studifutter-Info.plist"; sourceTree = "<group>"; };
		8F0BA799145C72F1003E2DE0 /* en */ = {isa = PBXFileReference; lastKnownFileType = text.plist.strings; name = en; path = en.lproj/InfoPlist.strings; sourceTree = "<group>"; };
		8F0BA79B145C72F1003E2DE0 /* main.m */ = {isa = PBXFileReference; lastKnownFileType = sourcecode.c.objc; path = main.m; sourceTree = "<group>"; };
		8F0BA79D145C72F1003E2DE0 /* Studifutter-Prefix.pch */ = {isa = PBXFileReference; lastKnownFileType = sourcecode.c.h; path = "Studifutter-Prefix.pch"; sourceTree = "<group>"; };
		8F0BA79E145C72F1003E2DE0 /* SFAppDelegate.h */ = {isa = PBXFileReference; lastKnownFileType = sourcecode.c.h; path = SFAppDelegate.h; sourceTree = "<group>"; };
		8F0BA79F145C72F1003E2DE0 /* SFAppDelegate.m */ = {isa = PBXFileReference; lastKnownFileType = sourcecode.c.objc; path = SFAppDelegate.m; sourceTree = "<group>"; };
		8F0BA7A2145C72F1003E2DE0 /* en */ = {isa = PBXFileReference; lastKnownFileType = file.storyboard; name = en; path = en.lproj/MainStoryboard.storyboard; sourceTree = "<group>"; };
		8F0BA7A5145C72F1003E2DE0 /* Studifutter.xcdatamodel */ = {isa = PBXFileReference; lastKnownFileType = wrapper.xcdatamodel; path = Studifutter.xcdatamodel; sourceTree = "<group>"; };
		8F0BA7A7145C72F2003E2DE0 /* SFMasterViewController.h */ = {isa = PBXFileReference; lastKnownFileType = sourcecode.c.h; path = SFMasterViewController.h; sourceTree = "<group>"; };
		8F0BA7A8145C72F2003E2DE0 /* SFMasterViewController.m */ = {isa = PBXFileReference; lastKnownFileType = sourcecode.c.objc; path = SFMasterViewController.m; sourceTree = "<group>"; };
		8F0BA7AA145C72F2003E2DE0 /* SFDetailViewController.h */ = {isa = PBXFileReference; lastKnownFileType = sourcecode.c.h; path = SFDetailViewController.h; sourceTree = "<group>"; };
		8F0BA7AB145C72F2003E2DE0 /* SFDetailViewController.m */ = {isa = PBXFileReference; lastKnownFileType = sourcecode.c.objc; path = SFDetailViewController.m; sourceTree = "<group>"; };
		8F0BA7B2145C72F2003E2DE0 /* StudifutterTests.octest */ = {isa = PBXFileReference; explicitFileType = wrapper.cfbundle; includeInIndex = 0; path = StudifutterTests.octest; sourceTree = BUILT_PRODUCTS_DIR; };
		8F0BA7B3145C72F2003E2DE0 /* SenTestingKit.framework */ = {isa = PBXFileReference; lastKnownFileType = wrapper.framework; name = SenTestingKit.framework; path = Library/Frameworks/SenTestingKit.framework; sourceTree = DEVELOPER_DIR; };
		8F0BA7BC145C72F2003E2DE0 /* StudifutterTests-Info.plist */ = {isa = PBXFileReference; lastKnownFileType = text.plist.xml; path = "StudifutterTests-Info.plist"; sourceTree = "<group>"; };
		8F0BA7BE145C72F2003E2DE0 /* en */ = {isa = PBXFileReference; lastKnownFileType = text.plist.strings; name = en; path = en.lproj/InfoPlist.strings; sourceTree = "<group>"; };
		8F0BA7C0145C72F2003E2DE0 /* StudifutterTests.h */ = {isa = PBXFileReference; lastKnownFileType = sourcecode.c.h; path = StudifutterTests.h; sourceTree = "<group>"; };
		8F0BA7C1145C72F2003E2DE0 /* StudifutterTests.m */ = {isa = PBXFileReference; lastKnownFileType = sourcecode.c.objc; path = StudifutterTests.m; sourceTree = "<group>"; };
/* End PBXFileReference section */

/* Begin PBXFrameworksBuildPhase section */
		8F0BA786145C72F1003E2DE0 /* Frameworks */ = {
			isa = PBXFrameworksBuildPhase;
			buildActionMask = 2147483647;
			files = (
				8F0BA78E145C72F1003E2DE0 /* UIKit.framework in Frameworks */,
				8F0BA790145C72F1003E2DE0 /* Foundation.framework in Frameworks */,
				8F0BA792145C72F1003E2DE0 /* CoreGraphics.framework in Frameworks */,
				8F0BA794145C72F1003E2DE0 /* CoreData.framework in Frameworks */,
			);
			runOnlyForDeploymentPostprocessing = 0;
		};
		8F0BA7AE145C72F2003E2DE0 /* Frameworks */ = {
			isa = PBXFrameworksBuildPhase;
			buildActionMask = 2147483647;
			files = (
				8F0BA7B4145C72F2003E2DE0 /* SenTestingKit.framework in Frameworks */,
				8F0BA7B5145C72F2003E2DE0 /* UIKit.framework in Frameworks */,
				8F0BA7B6145C72F2003E2DE0 /* Foundation.framework in Frameworks */,
				8F0BA7B7145C72F2003E2DE0 /* CoreData.framework in Frameworks */,
			);
			runOnlyForDeploymentPostprocessing = 0;
		};
/* End PBXFrameworksBuildPhase section */

/* Begin PBXGroup section */
		8F0BA77E145C72F1003E2DE0 = {
			isa = PBXGroup;
			children = (
				8F0BA795145C72F1003E2DE0 /* Studifutter */,
				8F0BA7BA145C72F2003E2DE0 /* StudifutterTests */,
				8F0BA78C145C72F1003E2DE0 /* Frameworks */,
				8F0BA78A145C72F1003E2DE0 /* Products */,
			);
			sourceTree = "<group>";
		};
		8F0BA78A145C72F1003E2DE0 /* Products */ = {
			isa = PBXGroup;
			children = (
				8F0BA789145C72F1003E2DE0 /* Studifutter.app */,
				8F0BA7B2145C72F2003E2DE0 /* StudifutterTests.octest */,
			);
			name = Products;
			sourceTree = "<group>";
		};
		8F0BA78C145C72F1003E2DE0 /* Frameworks */ = {
			isa = PBXGroup;
			children = (
				8F0BA78D145C72F1003E2DE0 /* UIKit.framework */,
				8F0BA78F145C72F1003E2DE0 /* Foundation.framework */,
				8F0BA791145C72F1003E2DE0 /* CoreGraphics.framework */,
				8F0BA793145C72F1003E2DE0 /* CoreData.framework */,
				8F0BA7B3145C72F2003E2DE0 /* SenTestingKit.framework */,
			);
			name = Frameworks;
			sourceTree = "<group>";
		};
		8F0BA795145C72F1003E2DE0 /* Studifutter */ = {
			isa = PBXGroup;
			children = (
				8F0BA79E145C72F1003E2DE0 /* SFAppDelegate.h */,
				8F0BA79F145C72F1003E2DE0 /* SFAppDelegate.m */,
				8F0BA7A1145C72F1003E2DE0 /* MainStoryboard.storyboard */,
				8F0BA7A7145C72F2003E2DE0 /* SFMasterViewController.h */,
				8F0BA7A8145C72F2003E2DE0 /* SFMasterViewController.m */,
				8F0BA7AA145C72F2003E2DE0 /* SFDetailViewController.h */,
				8F0BA7AB145C72F2003E2DE0 /* SFDetailViewController.m */,
				8F0BA7A4145C72F1003E2DE0 /* Studifutter.xcdatamodeld */,
				8F0BA796145C72F1003E2DE0 /* Supporting Files */,
			);
			path = Studifutter;
			sourceTree = "<group>";
		};
		8F0BA796145C72F1003E2DE0 /* Supporting Files */ = {
			isa = PBXGroup;
			children = (
				8F0BA797145C72F1003E2DE0 /* Studifutter-Info.plist */,
				8F0BA798145C72F1003E2DE0 /* InfoPlist.strings */,
				8F0BA79B145C72F1003E2DE0 /* main.m */,
				8F0BA79D145C72F1003E2DE0 /* Studifutter-Prefix.pch */,
			);
			name = "Supporting Files";
			sourceTree = "<group>";
		};
		8F0BA7BA145C72F2003E2DE0 /* StudifutterTests */ = {
			isa = PBXGroup;
			children = (
				8F0BA7C0145C72F2003E2DE0 /* StudifutterTests.h */,
				8F0BA7C1145C72F2003E2DE0 /* StudifutterTests.m */,
				8F0BA7BB145C72F2003E2DE0 /* Supporting Files */,
			);
			path = StudifutterTests;
			sourceTree = "<group>";
		};
		8F0BA7BB145C72F2003E2DE0 /* Supporting Files */ = {
			isa = PBXGroup;
			children = (
				8F0BA7BC145C72F2003E2DE0 /* StudifutterTests-Info.plist */,
				8F0BA7BD145C72F2003E2DE0 /* InfoPlist.strings */,
			);
			name = "Supporting Files";
			sourceTree = "<group>";
		};
/* End PBXGroup section */

/* Begin PBXNativeTarget section */
		8F0BA788145C72F1003E2DE0 /* Studifutter */ = {
			isa = PBXNativeTarget;
			buildConfigurationList = 8F0BA7C5145C72F2003E2DE0 /* Build configuration list for PBXNativeTarget "Studifutter" */;
			buildPhases = (
				8F0BA785145C72F1003E2DE0 /* Sources */,
				8F0BA786145C72F1003E2DE0 /* Frameworks */,
				8F0BA787145C72F1003E2DE0 /* Resources */,
			);
			buildRules = (
			);
			dependencies = (
			);
			name = Studifutter;
			productName = Studifutter;
			productReference = 8F0BA789145C72F1003E2DE0 /* Studifutter.app */;
			productType = "com.apple.product-type.application";
		};
		8F0BA7B1145C72F2003E2DE0 /* StudifutterTests */ = {
			isa = PBXNativeTarget;
			buildConfigurationList = 8F0BA7C8145C72F2003E2DE0 /* Build configuration list for PBXNativeTarget "StudifutterTests" */;
			buildPhases = (
				8F0BA7AD145C72F2003E2DE0 /* Sources */,
				8F0BA7AE145C72F2003E2DE0 /* Frameworks */,
				8F0BA7AF145C72F2003E2DE0 /* Resources */,
				8F0BA7B0145C72F2003E2DE0 /* ShellScript */,
			);
			buildRules = (
			);
			dependencies = (
				8F0BA7B9145C72F2003E2DE0 /* PBXTargetDependency */,
			);
			name = StudifutterTests;
			productName = StudifutterTests;
			productReference = 8F0BA7B2145C72F2003E2DE0 /* StudifutterTests.octest */;
			productType = "com.apple.product-type.bundle";
		};
/* End PBXNativeTarget section */

/* Begin PBXProject section */
		8F0BA780145C72F1003E2DE0 /* Project object */ = {
			isa = PBXProject;
			attributes = {
				LastUpgradeCheck = 0420;
				ORGANIZATIONNAME = "rootof.net Heiber & Wiewel GbR";
			};
			buildConfigurationList = 8F0BA783145C72F1003E2DE0 /* Build configuration list for PBXProject "Studifutter" */;
			compatibilityVersion = "Xcode 3.2";
			developmentRegion = English;
			hasScannedForEncodings = 0;
			knownRegions = (
				en,
			);
			mainGroup = 8F0BA77E145C72F1003E2DE0;
			productRefGroup = 8F0BA78A145C72F1003E2DE0 /* Products */;
			projectDirPath = "";
			projectRoot = "";
			targets = (
				8F0BA788145C72F1003E2DE0 /* Studifutter */,
				8F0BA7B1145C72F2003E2DE0 /* StudifutterTests */,
			);
		};
/* End PBXProject section */

/* Begin PBXResourcesBuildPhase section */
		8F0BA787145C72F1003E2DE0 /* Resources */ = {
			isa = PBXResourcesBuildPhase;
			buildActionMask = 2147483647;
			files = (
				8F0BA79A145C72F1003E2DE0 /* InfoPlist.strings in Resources */,
				8F0BA7A3145C72F1003E2DE0 /* MainStoryboard.storyboard in Resources */,
			);
			runOnlyForDeploymentPostprocessing = 0;
		};
		8F0BA7AF145C72F2003E2DE0 /* Resources */ = {
			isa = PBXResourcesBuildPhase;
			buildActionMask = 2147483647;
			files = (
				8F0BA7BF145C72F2003E2DE0 /* InfoPlist.strings in Resources */,
			);
			runOnlyForDeploymentPostprocessing = 0;
		};
/* End PBXResourcesBuildPhase section */

/* Begin PBXShellScriptBuildPhase section */
		8F0BA7B0145C72F2003E2DE0 /* ShellScript */ = {
			isa = PBXShellScriptBuildPhase;
			buildActionMask = 2147483647;
			files = (
			);
			inputPaths = (
			);
			outputPaths = (
			);
			runOnlyForDeploymentPostprocessing = 0;
			shellPath = /bin/sh;
			shellScript = "# Run the unit tests in this test bundle.\n\"${SYSTEM_DEVELOPER_DIR}/Tools/RunUnitTests\"\n";
		};
/* End PBXShellScriptBuildPhase section */

/* Begin PBXSourcesBuildPhase section */
		8F0BA785145C72F1003E2DE0 /* Sources */ = {
			isa = PBXSourcesBuildPhase;
			buildActionMask = 2147483647;
			files = (
				8F0BA79C145C72F1003E2DE0 /* main.m in Sources */,
				8F0BA7A0145C72F1003E2DE0 /* SFAppDelegate.m in Sources */,
				8F0BA7A6145C72F2003E2DE0 /* Studifutter.xcdatamodeld in Sources */,
				8F0BA7A9145C72F2003E2DE0 /* SFMasterViewController.m in Sources */,
				8F0BA7AC145C72F2003E2DE0 /* SFDetailViewController.m in Sources */,
			);
			runOnlyForDeploymentPostprocessing = 0;
		};
		8F0BA7AD145C72F2003E2DE0 /* Sources */ = {
			isa = PBXSourcesBuildPhase;
			buildActionMask = 2147483647;
			files = (
				8F0BA7C2145C72F2003E2DE0 /* StudifutterTests.m in Sources */,
			);
			runOnlyForDeploymentPostprocessing = 0;
		};
/* End PBXSourcesBuildPhase section */

/* Begin PBXTargetDependency section */
		8F0BA7B9145C72F2003E2DE0 /* PBXTargetDependency */ = {
			isa = PBXTargetDependency;
			target = 8F0BA788145C72F1003E2DE0 /* Studifutter */;
			targetProxy = 8F0BA7B8145C72F2003E2DE0 /* PBXContainerItemProxy */;
		};
/* End PBXTargetDependency section */

/* Begin PBXVariantGroup section */
		8F0BA798145C72F1003E2DE0 /* InfoPlist.strings */ = {
			isa = PBXVariantGroup;
			children = (
				8F0BA799145C72F1003E2DE0 /* en */,
			);
			name = InfoPlist.strings;
			sourceTree = "<group>";
		};
		8F0BA7A1145C72F1003E2DE0 /* MainStoryboard.storyboard */ = {
			isa = PBXVariantGroup;
			children = (
				8F0BA7A2145C72F1003E2DE0 /* en */,
			);
			name = MainStoryboard.storyboard;
			sourceTree = "<group>";
		};
		8F0BA7BD145C72F2003E2DE0 /* InfoPlist.strings */ = {
			isa = PBXVariantGroup;
			children = (
				8F0BA7BE145C72F2003E2DE0 /* en */,
			);
			name = InfoPlist.strings;
			sourceTree = "<group>";
		};
/* End PBXVariantGroup section */

/* Begin XCBuildConfiguration section */
		8F0BA7C3145C72F2003E2DE0 /* Debug */ = {
			isa = XCBuildConfiguration;
			buildSettings = {
				ALWAYS_SEARCH_USER_PATHS = NO;
				ARCHS = "$(ARCHS_STANDARD_32_BIT)";
				CLANG_ENABLE_OBJC_ARC = YES;
				"CODE_SIGN_IDENTITY[sdk=iphoneos*]" = "iPhone Developer";
				COPY_PHASE_STRIP = NO;
				GCC_C_LANGUAGE_STANDARD = gnu99;
				GCC_DYNAMIC_NO_PIC = NO;
				GCC_OPTIMIZATION_LEVEL = 0;
				GCC_PREPROCESSOR_DEFINITIONS = (
					"DEBUG=1",
					"$(inherited)",
				);
				GCC_SYMBOLS_PRIVATE_EXTERN = NO;
				GCC_VERSION = com.apple.compilers.llvm.clang.1_0;
				GCC_WARN_ABOUT_MISSING_PROTOTYPES = YES;
				GCC_WARN_ABOUT_RETURN_TYPE = YES;
				GCC_WARN_UNUSED_VARIABLE = YES;
				IPHONEOS_DEPLOYMENT_TARGET = 5.0;
				SDKROOT = iphoneos;
			};
			name = Debug;
		};
		8F0BA7C4145C72F2003E2DE0 /* Release */ = {
			isa = XCBuildConfiguration;
			buildSettings = {
				ALWAYS_SEARCH_USER_PATHS = NO;
				ARCHS = "$(ARCHS_STANDARD_32_BIT)";
				CLANG_ENABLE_OBJC_ARC = YES;
				"CODE_SIGN_IDENTITY[sdk=iphoneos*]" = "iPhone Developer";
				COPY_PHASE_STRIP = YES;
				GCC_C_LANGUAGE_STANDARD = gnu99;
				GCC_VERSION = com.apple.compilers.llvm.clang.1_0;
				GCC_WARN_ABOUT_MISSING_PROTOTYPES = YES;
				GCC_WARN_ABOUT_RETURN_TYPE = YES;
				GCC_WARN_UNUSED_VARIABLE = YES;
				IPHONEOS_DEPLOYMENT_TARGET = 5.0;
				OTHER_CFLAGS = "-DNS_BLOCK_ASSERTIONS=1";
				SDKROOT = iphoneos;
				VALIDATE_PRODUCT = YES;
			};
			name = Release;
		};
		8F0BA7C6145C72F2003E2DE0 /* Debug */ = {
			isa = XCBuildConfiguration;
			buildSettings = {
				GCC_PRECOMPILE_PREFIX_HEADER = YES;
				GCC_PREFIX_HEADER = "Studifutter/Studifutter-Prefix.pch";
				INFOPLIST_FILE = "Studifutter/Studifutter-Info.plist";
				IPHONEOS_DEPLOYMENT_TARGET = 5.0;
				PRODUCT_NAME = "$(TARGET_NAME)";
				WRAPPER_EXTENSION = app;
			};
			name = Debug;
		};
		8F0BA7C7145C72F2003E2DE0 /* Release */ = {
			isa = XCBuildConfiguration;
			buildSettings = {
				GCC_PRECOMPILE_PREFIX_HEADER = YES;
				GCC_PREFIX_HEADER = "Studifutter/Studifutter-Prefix.pch";
				INFOPLIST_FILE = "Studifutter/Studifutter-Info.plist";
				IPHONEOS_DEPLOYMENT_TARGET = 5.0;
				PRODUCT_NAME = "$(TARGET_NAME)";
				WRAPPER_EXTENSION = app;
			};
			name = Release;
		};
		8F0BA7C9145C72F2003E2DE0 /* Debug */ = {
			isa = XCBuildConfiguration;
			buildSettings = {
				BUNDLE_LOADER = "$(BUILT_PRODUCTS_DIR)/Studifutter.app/Studifutter";
				FRAMEWORK_SEARCH_PATHS = (
					"$(SDKROOT)/Developer/Library/Frameworks",
					"$(DEVELOPER_LIBRARY_DIR)/Frameworks",
				);
				GCC_PRECOMPILE_PREFIX_HEADER = YES;
				GCC_PREFIX_HEADER = "Studifutter/Studifutter-Prefix.pch";
				INFOPLIST_FILE = "StudifutterTests/StudifutterTests-Info.plist";
				PRODUCT_NAME = "$(TARGET_NAME)";
				TEST_HOST = "$(BUNDLE_LOADER)";
				WRAPPER_EXTENSION = octest;
			};
			name = Debug;
		};
		8F0BA7CA145C72F2003E2DE0 /* Release */ = {
			isa = XCBuildConfiguration;
			buildSettings = {
				BUNDLE_LOADER = "$(BUILT_PRODUCTS_DIR)/Studifutter.app/Studifutter";
				FRAMEWORK_SEARCH_PATHS = (
					"$(SDKROOT)/Developer/Library/Frameworks",
					"$(DEVELOPER_LIBRARY_DIR)/Frameworks",
				);
				GCC_PRECOMPILE_PREFIX_HEADER = YES;
				GCC_PREFIX_HEADER = "Studifutter/Studifutter-Prefix.pch";
				INFOPLIST_FILE = "StudifutterTests/StudifutterTests-Info.plist";
				PRODUCT_NAME = "$(TARGET_NAME)";
				TEST_HOST = "$(BUNDLE_LOADER)";
				WRAPPER_EXTENSION = octest;
			};
			name = Release;
		};
/* End XCBuildConfiguration section */

/* Begin XCConfigurationList section */
		8F0BA783145C72F1003E2DE0 /* Build configuration list for PBXProject "Studifutter" */ = {
			isa = XCConfigurationList;
			buildConfigurations = (
				8F0BA7C3145C72F2003E2DE0 /* Debug */,
				8F0BA7C4145C72F2003E2DE0 /* Release */,
			);
			defaultConfigurationIsVisible = 0;
			defaultConfigurationName = Release;
		};
		8F0BA7C5145C72F2003E2DE0 /* Build configuration list for PBXNativeTarget "Studifutter" */ = {
			isa = XCConfigurationList;
			buildConfigurations = (
				8F0BA7C6145C72F2003E2DE0 /* Debug */,
				8F0BA7C7145C72F2003E2DE0 /* Release */,
			);
			defaultConfigurationIsVisible = 0;
		};
		8F0BA7C8145C72F2003E2DE0 /* Build configuration list for PBXNativeTarget "StudifutterTests" */ = {
			isa = XCConfigurationList;
			buildConfigurations = (
				8F0BA7C9145C72F2003E2DE0 /* Debug */,
				8F0BA7CA145C72F2003E2DE0 /* Release */,
			);
			defaultConfigurationIsVisible = 0;
		};
/* End XCConfigurationList section */

/* Begin XCVersionGroup section */
		8F0BA7A4145C72F1003E2DE0 /* Studifutter.xcdatamodeld */ = {
			isa = XCVersionGroup;
			children = (
				8F0BA7A5145C72F1003E2DE0 /* Studifutter.xcdatamodel */,
			);
			currentVersion = 8F0BA7A5145C72F1003E2DE0 /* Studifutter.xcdatamodel */;
			path = Studifutter.xcdatamodeld;
			sourceTree = "<group>";
			versionGroupType = wrapper.xcdatamodel;
		};
/* End XCVersionGroup section */
	};
	rootObject = 8F0BA780145C72F1003E2DE0 /* Project object */;
}
