// !$*UTF8*$!
{
	archiveVersion = 1;
	classes = {
	};
	objectVersion = 46;
	objects = {

/* Begin PBXBuildFile section */
		1D60589B0D05DD56006BFB54 /* main.m in Sources */ = {isa = PBXBuildFile; fileRef = 29B97316FDCFA39411CA2CEA /* main.m */; };
		1D60589F0D05DD5A006BFB54 /* Foundation.framework in Frameworks */ = {isa = PBXBuildFile; fileRef = 1D30AB110D05D00D00671497 /* Foundation.framework */; };
		1DF5F4E00D08C38300B7A737 /* UIKit.framework in Frameworks */ = {isa = PBXBuildFile; fileRef = 1DF5F4DF0D08C38300B7A737 /* UIKit.framework */; };
		2892E4100DC94CBA00A64D0F /* CoreGraphics.framework in Frameworks */ = {isa = PBXBuildFile; fileRef = 2892E40F0DC94CBA00A64D0F /* CoreGraphics.framework */; };
		2899E5600DE3E45000AC0155 /* RootViewController.xib in Resources */ = {isa = PBXBuildFile; fileRef = 2899E55F0DE3E45000AC0155 /* RootViewController.xib */; };
		28AD73600D9D9599002E5188 /* MainWindow.xib in Resources */ = {isa = PBXBuildFile; fileRef = 28AD735F0D9D9599002E5188 /* MainWindow.xib */; };
		28C286E10D94DF7D0034E888 /* RootViewController.m in Sources */ = {isa = PBXBuildFile; fileRef = 28C286E00D94DF7D0034E888 /* RootViewController.m */; };
		5C2238240F83ED860097C3C4 /* MealTableViewCell.m in Sources */ = {isa = PBXBuildFile; fileRef = 5C2238230F83ED860097C3C4 /* MealTableViewCell.m */; };
		5C2FAC2A0F910C1600223946 /* AudioToolbox.framework in Frameworks */ = {isa = PBXBuildFile; fileRef = 5C2FAC290F910C1600223946 /* AudioToolbox.framework */; };
		5C37DC640F7F7B3900C26695 /* MealSet.m in Sources */ = {isa = PBXBuildFile; fileRef = 5C37DC630F7F7B3900C26695 /* MealSet.m */; };
		5C69E5C60F9CD31A007A7D65 /* Meal.m in Sources */ = {isa = PBXBuildFile; fileRef = 5C69E5C50F9CD31A007A7D65 /* Meal.m */; };
		5C69E5C90F9CD49E007A7D65 /* XMLParser.m in Sources */ = {isa = PBXBuildFile; fileRef = 5C69E5C80F9CD49E007A7D65 /* XMLParser.m */; };
		5C7581380F865EDA0028FF77 /* MultilineTableViewCell.m in Sources */ = {isa = PBXBuildFile; fileRef = 5C7581370F865EDA0028FF77 /* MultilineTableViewCell.m */; };
		5C9E0FCB0F8CF8AA00F12A34 /* InfoView.xib in Resources */ = {isa = PBXBuildFile; fileRef = 5C9E0FCA0F8CF8AA00F12A34 /* InfoView.xib */; };
		5C9E0FE30F8CFA6F00F12A34 /* InfoViewController.m in Sources */ = {isa = PBXBuildFile; fileRef = 5C9E0FE20F8CFA6F00F12A34 /* InfoViewController.m */; };
		5CB4E3930F920831009DC8A2 /* Mail.png in Resources */ = {isa = PBXBuildFile; fileRef = 5CB4E3920F920831009DC8A2 /* Mail.png */; };
		5CD27D970F84CBF200F5F2BB /* DetailViewController.m in Sources */ = {isa = PBXBuildFile; fileRef = 5CD27D960F84CBF200F5F2BB /* DetailViewController.m */; };
		5CE6CB0D0F91F2BE00206609 /* MensaListViewController.m in Sources */ = {isa = PBXBuildFile; fileRef = 5CE6CB0C0F91F2BE00206609 /* MensaListViewController.m */; };
		5CE6CB100F91F2C900206609 /* MensaAppDelegate.m in Sources */ = {isa = PBXBuildFile; fileRef = 5CE6CB0F0F91F2C900206609 /* MensaAppDelegate.m */; };
		5CE6CB130F91F2D800206609 /* Mensa.m in Sources */ = {isa = PBXBuildFile; fileRef = 5CE6CB120F91F2D800206609 /* Mensa.m */; };
		5CEB3E440F840D3E001F2933 /* Entitlements.plist in Resources */ = {isa = PBXBuildFile; fileRef = 5CEB3E430F840D3E001F2933 /* Entitlements.plist */; };
		5CFB2E880F9FA21E00516549 /* Default.png in Resources */ = {isa = PBXBuildFile; fileRef = 5CFB2E820F9FA21E00516549 /* Default.png */; };
		5CFB2E890F9FA21E00516549 /* Icon.png in Resources */ = {isa = PBXBuildFile; fileRef = 5CFB2E840F9FA21E00516549 /* Icon.png */; };
		5CFB2E8A0F9FA21E00516549 /* icon_rot_BurgerBecher.png in Resources */ = {isa = PBXBuildFile; fileRef = 5CFB2E850F9FA21E00516549 /* icon_rot_BurgerBecher.png */; };
		5CFB2E8B0F9FA21E00516549 /* icon_rot_Haus.png in Resources */ = {isa = PBXBuildFile; fileRef = 5CFB2E860F9FA21E00516549 /* icon_rot_Haus.png */; };
		5CFB2E8C0F9FA21E00516549 /* Mail.png in Resources */ = {isa = PBXBuildFile; fileRef = 5CFB2E870F9FA21E00516549 /* Mail.png */; };
/* End PBXBuildFile section */

/* Begin PBXFileReference section */
		1D30AB110D05D00D00671497 /* Foundation.framework */ = {isa = PBXFileReference; lastKnownFileType = wrapper.framework; name = Foundation.framework; path = System/Library/Frameworks/Foundation.framework; sourceTree = SDKROOT; };
		1D6058910D05DD3D006BFB54 /* Studifutter.app */ = {isa = PBXFileReference; explicitFileType = wrapper.application; includeInIndex = 0; path = Studifutter.app; sourceTree = BUILT_PRODUCTS_DIR; };
		1DF5F4DF0D08C38300B7A737 /* UIKit.framework */ = {isa = PBXFileReference; lastKnownFileType = wrapper.framework; name = UIKit.framework; path = System/Library/Frameworks/UIKit.framework; sourceTree = SDKROOT; };
		2892E40F0DC94CBA00A64D0F /* CoreGraphics.framework */ = {isa = PBXFileReference; lastKnownFileType = wrapper.framework; name = CoreGraphics.framework; path = System/Library/Frameworks/CoreGraphics.framework; sourceTree = SDKROOT; };
		2899E55F0DE3E45000AC0155 /* RootViewController.xib */ = {isa = PBXFileReference; lastKnownFileType = file.xib; path = RootViewController.xib; sourceTree = "<group>"; };
		28A0AAE50D9B0CCF005BE974 /* Studifutter_Prefix.pch */ = {isa = PBXFileReference; fileEncoding = 4; lastKnownFileType = sourcecode.c.h; path = Studifutter_Prefix.pch; sourceTree = "<group>"; };
		28AD735F0D9D9599002E5188 /* MainWindow.xib */ = {isa = PBXFileReference; lastKnownFileType = file.xib; path = MainWindow.xib; sourceTree = "<group>"; };
		28C286DF0D94DF7D0034E888 /* RootViewController.h */ = {isa = PBXFileReference; fileEncoding = 4; lastKnownFileType = sourcecode.c.h; name = RootViewController.h; path = Classes/RootViewController.h; sourceTree = "<group>"; };
		28C286E00D94DF7D0034E888 /* RootViewController.m */ = {isa = PBXFileReference; fileEncoding = 4; lastKnownFileType = sourcecode.c.objc; name = RootViewController.m; path = Classes/RootViewController.m; sourceTree = "<group>"; };
		29B97316FDCFA39411CA2CEA /* main.m */ = {isa = PBXFileReference; fileEncoding = 4; lastKnownFileType = sourcecode.c.objc; path = main.m; sourceTree = "<group>"; };
		5C2238220F83ED860097C3C4 /* MealTableViewCell.h */ = {isa = PBXFileReference; fileEncoding = 4; lastKnownFileType = sourcecode.c.h; path = MealTableViewCell.h; sourceTree = "<group>"; };
		5C2238230F83ED860097C3C4 /* MealTableViewCell.m */ = {isa = PBXFileReference; fileEncoding = 4; lastKnownFileType = sourcecode.c.objc; path = MealTableViewCell.m; sourceTree = "<group>"; };
		5C2FAC290F910C1600223946 /* AudioToolbox.framework */ = {isa = PBXFileReference; lastKnownFileType = wrapper.framework; name = AudioToolbox.framework; path = /System/Library/Frameworks/AudioToolbox.framework; sourceTree = "<absolute>"; };
		5C37DC620F7F7B3900C26695 /* MealSet.h */ = {isa = PBXFileReference; fileEncoding = 4; lastKnownFileType = sourcecode.c.h; path = MealSet.h; sourceTree = "<group>"; };
		5C37DC630F7F7B3900C26695 /* MealSet.m */ = {isa = PBXFileReference; fileEncoding = 4; lastKnownFileType = sourcecode.c.objc; path = MealSet.m; sourceTree = "<group>"; };
		5C3F2D520F9669CE0017EF56 /* info.plist */ = {isa = PBXFileReference; fileEncoding = 4; lastKnownFileType = text.plist.xml; path = info.plist; sourceTree = "<group>"; };
		5C69E5C40F9CD31A007A7D65 /* Meal.h */ = {isa = PBXFileReference; fileEncoding = 4; lastKnownFileType = sourcecode.c.h; path = Meal.h; sourceTree = "<group>"; };
		5C69E5C50F9CD31A007A7D65 /* Meal.m */ = {isa = PBXFileReference; fileEncoding = 4; lastKnownFileType = sourcecode.c.objc; path = Meal.m; sourceTree = "<group>"; };
		5C69E5C70F9CD49E007A7D65 /* XMLParser.h */ = {isa = PBXFileReference; fileEncoding = 4; lastKnownFileType = sourcecode.c.h; path = XMLParser.h; sourceTree = "<group>"; };
		5C69E5C80F9CD49E007A7D65 /* XMLParser.m */ = {isa = PBXFileReference; fileEncoding = 4; lastKnownFileType = sourcecode.c.objc; path = XMLParser.m; sourceTree = "<group>"; };
		5C7581360F865EDA0028FF77 /* MultilineTableViewCell.h */ = {isa = PBXFileReference; fileEncoding = 4; lastKnownFileType = sourcecode.c.h; path = MultilineTableViewCell.h; sourceTree = "<group>"; };
		5C7581370F865EDA0028FF77 /* MultilineTableViewCell.m */ = {isa = PBXFileReference; fileEncoding = 4; lastKnownFileType = sourcecode.c.objc; path = MultilineTableViewCell.m; sourceTree = "<group>"; };
		5C9E0FCA0F8CF8AA00F12A34 /* InfoView.xib */ = {isa = PBXFileReference; lastKnownFileType = file.xib; path = InfoView.xib; sourceTree = "<group>"; };
		5C9E0FE10F8CFA6F00F12A34 /* InfoViewController.h */ = {isa = PBXFileReference; fileEncoding = 4; lastKnownFileType = sourcecode.c.h; path = InfoViewController.h; sourceTree = "<group>"; };
		5C9E0FE20F8CFA6F00F12A34 /* InfoViewController.m */ = {isa = PBXFileReference; fileEncoding = 4; lastKnownFileType = sourcecode.c.objc; path = InfoViewController.m; sourceTree = "<group>"; };
		5CB4E3920F920831009DC8A2 /* Mail.png */ = {isa = PBXFileReference; lastKnownFileType = image.png; path = Mail.png; sourceTree = "<group>"; };
		5CD27D950F84CBF200F5F2BB /* DetailViewController.h */ = {isa = PBXFileReference; fileEncoding = 4; lastKnownFileType = sourcecode.c.h; name = DetailViewController.h; path = Classes/DetailViewController.h; sourceTree = "<group>"; };
		5CD27D960F84CBF200F5F2BB /* DetailViewController.m */ = {isa = PBXFileReference; fileEncoding = 4; lastKnownFileType = sourcecode.c.objc; name = DetailViewController.m; path = Classes/DetailViewController.m; sourceTree = "<group>"; };
		5CE6CB0B0F91F2BE00206609 /* MensaListViewController.h */ = {isa = PBXFileReference; fileEncoding = 4; lastKnownFileType = sourcecode.c.h; name = MensaListViewController.h; path = Classes/MensaListViewController.h; sourceTree = "<group>"; };
		5CE6CB0C0F91F2BE00206609 /* MensaListViewController.m */ = {isa = PBXFileReference; fileEncoding = 4; lastKnownFileType = sourcecode.c.objc; name = MensaListViewController.m; path = Classes/MensaListViewController.m; sourceTree = "<group>"; };
		5CE6CB0E0F91F2C900206609 /* MensaAppDelegate.h */ = {isa = PBXFileReference; fileEncoding = 4; lastKnownFileType = sourcecode.c.h; path = MensaAppDelegate.h; sourceTree = "<group>"; };
		5CE6CB0F0F91F2C900206609 /* MensaAppDelegate.m */ = {isa = PBXFileReference; fileEncoding = 4; lastKnownFileType = sourcecode.c.objc; path = MensaAppDelegate.m; sourceTree = "<group>"; };
		5CE6CB110F91F2D800206609 /* Mensa.h */ = {isa = PBXFileReference; fileEncoding = 4; lastKnownFileType = sourcecode.c.h; path = Mensa.h; sourceTree = "<group>"; };
		5CE6CB120F91F2D800206609 /* Mensa.m */ = {isa = PBXFileReference; fileEncoding = 4; lastKnownFileType = sourcecode.c.objc; path = Mensa.m; sourceTree = "<group>"; };
		5CEB3E430F840D3E001F2933 /* Entitlements.plist */ = {isa = PBXFileReference; fileEncoding = 4; lastKnownFileType = text.plist.xml; path = Entitlements.plist; sourceTree = "<group>"; };
		5CFB2E820F9FA21E00516549 /* Default.png */ = {isa = PBXFileReference; lastKnownFileType = image.png; path = Default.png; sourceTree = "<group>"; };
		5CFB2E840F9FA21E00516549 /* Icon.png */ = {isa = PBXFileReference; lastKnownFileType = image.png; path = Icon.png; sourceTree = "<group>"; };
		5CFB2E850F9FA21E00516549 /* icon_rot_BurgerBecher.png */ = {isa = PBXFileReference; lastKnownFileType = image.png; path = icon_rot_BurgerBecher.png; sourceTree = "<group>"; };
		5CFB2E860F9FA21E00516549 /* icon_rot_Haus.png */ = {isa = PBXFileReference; lastKnownFileType = image.png; path = icon_rot_Haus.png; sourceTree = "<group>"; };
		5CFB2E870F9FA21E00516549 /* Mail.png */ = {isa = PBXFileReference; lastKnownFileType = image.png; path = Mail.png; sourceTree = "<group>"; };
/* End PBXFileReference section */

/* Begin PBXFrameworksBuildPhase section */
		1D60588F0D05DD3D006BFB54 /* Frameworks */ = {
			isa = PBXFrameworksBuildPhase;
			buildActionMask = 2147483647;
			files = (
				1D60589F0D05DD5A006BFB54 /* Foundation.framework in Frameworks */,
				1DF5F4E00D08C38300B7A737 /* UIKit.framework in Frameworks */,
				2892E4100DC94CBA00A64D0F /* CoreGraphics.framework in Frameworks */,
				5C2FAC2A0F910C1600223946 /* AudioToolbox.framework in Frameworks */,
			);
			runOnlyForDeploymentPostprocessing = 0;
		};
/* End PBXFrameworksBuildPhase section */

/* Begin PBXGroup section */
		080E96DDFE201D6D7F000001 /* Classes */ = {
			isa = PBXGroup;
			children = (
				5CBCC03E0F85688300522C8F /* View Controller */,
				5C097D780F8C895D00569954 /* Custom Types */,
				5C097D770F8C894E00569954 /* Custom Cells */,
				5CE6CB0E0F91F2C900206609 /* MensaAppDelegate.h */,
				5CE6CB0F0F91F2C900206609 /* MensaAppDelegate.m */,
				5C69E5C70F9CD49E007A7D65 /* XMLParser.h */,
				5C69E5C80F9CD49E007A7D65 /* XMLParser.m */,
			);
			path = Classes;
			sourceTree = "<group>";
		};
		19C28FACFE9D520D11CA2CBB /* Products */ = {
			isa = PBXGroup;
			children = (
				1D6058910D05DD3D006BFB54 /* Studifutter.app */,
			);
			name = Products;
			sourceTree = "<group>";
		};
		29B97314FDCFA39411CA2CEA /* CustomTemplate */ = {
			isa = PBXGroup;
			children = (
				080E96DDFE201D6D7F000001 /* Classes */,
				29B97315FDCFA39411CA2CEA /* Other Sources */,
				29B97317FDCFA39411CA2CEA /* Resources */,
				29B97323FDCFA39411CA2CEA /* Frameworks */,
				19C28FACFE9D520D11CA2CBB /* Products */,
			);
			name = CustomTemplate;
			sourceTree = "<group>";
		};
		29B97315FDCFA39411CA2CEA /* Other Sources */ = {
			isa = PBXGroup;
			children = (
				28A0AAE50D9B0CCF005BE974 /* Studifutter_Prefix.pch */,
				29B97316FDCFA39411CA2CEA /* main.m */,
			);
			name = "Other Sources";
			sourceTree = "<group>";
		};
		29B97317FDCFA39411CA2CEA /* Resources */ = {
			isa = PBXGroup;
			children = (
				5CFB2E820F9FA21E00516549 /* Default.png */,
				5CFB2E830F9FA21E00516549 /* Graphics */,
				5C3F2D520F9669CE0017EF56 /* info.plist */,
				5CB4E3920F920831009DC8A2 /* Mail.png */,
				2899E55F0DE3E45000AC0155 /* RootViewController.xib */,
				28AD735F0D9D9599002E5188 /* MainWindow.xib */,
				5C9E0FCA0F8CF8AA00F12A34 /* InfoView.xib */,
				5CEB3E430F840D3E001F2933 /* Entitlements.plist */,
			);
			name = Resources;
			sourceTree = "<group>";
		};
		29B97323FDCFA39411CA2CEA /* Frameworks */ = {
			isa = PBXGroup;
			children = (
				5C2FAC290F910C1600223946 /* AudioToolbox.framework */,
				1DF5F4DF0D08C38300B7A737 /* UIKit.framework */,
				1D30AB110D05D00D00671497 /* Foundation.framework */,
				2892E40F0DC94CBA00A64D0F /* CoreGraphics.framework */,
			);
			name = Frameworks;
			sourceTree = "<group>";
		};
		5C097D770F8C894E00569954 /* Custom Cells */ = {
			isa = PBXGroup;
			children = (
				5C2238220F83ED860097C3C4 /* MealTableViewCell.h */,
				5C2238230F83ED860097C3C4 /* MealTableViewCell.m */,
				5C7581360F865EDA0028FF77 /* MultilineTableViewCell.h */,
				5C7581370F865EDA0028FF77 /* MultilineTableViewCell.m */,
			);
			name = "Custom Cells";
			sourceTree = "<group>";
		};
		5C097D780F8C895D00569954 /* Custom Types */ = {
			isa = PBXGroup;
			children = (
				5CE6CB110F91F2D800206609 /* Mensa.h */,
				5CE6CB120F91F2D800206609 /* Mensa.m */,
				5C37DC620F7F7B3900C26695 /* MealSet.h */,
				5C37DC630F7F7B3900C26695 /* MealSet.m */,
				5C69E5C40F9CD31A007A7D65 /* Meal.h */,
				5C69E5C50F9CD31A007A7D65 /* Meal.m */,
			);
			name = "Custom Types";
			sourceTree = "<group>";
		};
		5CBCC03E0F85688300522C8F /* View Controller */ = {
			isa = PBXGroup;
			children = (
				5CE6CB0B0F91F2BE00206609 /* MensaListViewController.h */,
				5CE6CB0C0F91F2BE00206609 /* MensaListViewController.m */,
				28C286DF0D94DF7D0034E888 /* RootViewController.h */,
				28C286E00D94DF7D0034E888 /* RootViewController.m */,
				5CD27D950F84CBF200F5F2BB /* DetailViewController.h */,
				5CD27D960F84CBF200F5F2BB /* DetailViewController.m */,
				5C9E0FE10F8CFA6F00F12A34 /* InfoViewController.h */,
				5C9E0FE20F8CFA6F00F12A34 /* InfoViewController.m */,
			);
			name = "View Controller";
			path = ..;
			sourceTree = "<group>";
		};
		5CFB2E830F9FA21E00516549 /* Graphics */ = {
			isa = PBXGroup;
			children = (
				5CFB2E840F9FA21E00516549 /* Icon.png */,
				5CFB2E850F9FA21E00516549 /* icon_rot_BurgerBecher.png */,
				5CFB2E860F9FA21E00516549 /* icon_rot_Haus.png */,
				5CFB2E870F9FA21E00516549 /* Mail.png */,
			);
			path = Graphics;
			sourceTree = "<group>";
		};
/* End PBXGroup section */

/* Begin PBXNativeTarget section */
		1D6058900D05DD3D006BFB54 /* Studifutter */ = {
			isa = PBXNativeTarget;
			buildConfigurationList = 1D6058960D05DD3E006BFB54 /* Build configuration list for PBXNativeTarget "Studifutter" */;
			buildPhases = (
				1D60588D0D05DD3D006BFB54 /* Resources */,
				1D60588E0D05DD3D006BFB54 /* Sources */,
				1D60588F0D05DD3D006BFB54 /* Frameworks */,
			);
			buildRules = (
			);
			dependencies = (
			);
			name = Studifutter;
			productName = Studifutter;
			productReference = 1D6058910D05DD3D006BFB54 /* Studifutter.app */;
			productType = "com.apple.product-type.application";
		};
/* End PBXNativeTarget section */

/* Begin PBXProject section */
		29B97313FDCFA39411CA2CEA /* Project object */ = {
			isa = PBXProject;
			attributes = {
				LastUpgradeCheck = 0410;
			};
			buildConfigurationList = C01FCF4E08A954540054247B /* Build configuration list for PBXProject "Studifutter" */;
			compatibilityVersion = "Xcode 3.2";
			developmentRegion = English;
			hasScannedForEncodings = 1;
			knownRegions = (
				English,
				Japanese,
				French,
				German,
				en,
			);
			mainGroup = 29B97314FDCFA39411CA2CEA /* CustomTemplate */;
			projectDirPath = "";
			projectRoot = "";
			targets = (
				1D6058900D05DD3D006BFB54 /* Studifutter */,
			);
		};
/* End PBXProject section */

/* Begin PBXResourcesBuildPhase section */
		1D60588D0D05DD3D006BFB54 /* Resources */ = {
			isa = PBXResourcesBuildPhase;
			buildActionMask = 2147483647;
			files = (
				28AD73600D9D9599002E5188 /* MainWindow.xib in Resources */,
				2899E5600DE3E45000AC0155 /* RootViewController.xib in Resources */,
				5CEB3E440F840D3E001F2933 /* Entitlements.plist in Resources */,
				5C9E0FCB0F8CF8AA00F12A34 /* InfoView.xib in Resources */,
				5CB4E3930F920831009DC8A2 /* Mail.png in Resources */,
				5CFB2E880F9FA21E00516549 /* Default.png in Resources */,
				5CFB2E890F9FA21E00516549 /* Icon.png in Resources */,
				5CFB2E8A0F9FA21E00516549 /* icon_rot_BurgerBecher.png in Resources */,
				5CFB2E8B0F9FA21E00516549 /* icon_rot_Haus.png in Resources */,
				5CFB2E8C0F9FA21E00516549 /* Mail.png in Resources */,
			);
			runOnlyForDeploymentPostprocessing = 0;
		};
/* End PBXResourcesBuildPhase section */

/* Begin PBXSourcesBuildPhase section */
		1D60588E0D05DD3D006BFB54 /* Sources */ = {
			isa = PBXSourcesBuildPhase;
			buildActionMask = 2147483647;
			files = (
				1D60589B0D05DD56006BFB54 /* main.m in Sources */,
				28C286E10D94DF7D0034E888 /* RootViewController.m in Sources */,
				5C37DC640F7F7B3900C26695 /* MealSet.m in Sources */,
				5C2238240F83ED860097C3C4 /* MealTableViewCell.m in Sources */,
				5CD27D970F84CBF200F5F2BB /* DetailViewController.m in Sources */,
				5C7581380F865EDA0028FF77 /* MultilineTableViewCell.m in Sources */,
				5C9E0FE30F8CFA6F00F12A34 /* InfoViewController.m in Sources */,
				5CE6CB0D0F91F2BE00206609 /* MensaListViewController.m in Sources */,
				5CE6CB100F91F2C900206609 /* MensaAppDelegate.m in Sources */,
				5CE6CB130F91F2D800206609 /* Mensa.m in Sources */,
				5C69E5C60F9CD31A007A7D65 /* Meal.m in Sources */,
				5C69E5C90F9CD49E007A7D65 /* XMLParser.m in Sources */,
			);
			runOnlyForDeploymentPostprocessing = 0;
		};
/* End PBXSourcesBuildPhase section */

/* Begin XCBuildConfiguration section */
		1D6058940D05DD3E006BFB54 /* Debug */ = {
			isa = XCBuildConfiguration;
			buildSettings = {
				ALWAYS_SEARCH_USER_PATHS = NO;
				CODE_SIGN_ENTITLEMENTS = Entitlements.plist;
				"CODE_SIGN_IDENTITY[sdk=iphoneos*]" = "iPhone Developer: Florian Heiber";
				COPY_PHASE_STRIP = NO;
				FRAMEWORK_SEARCH_PATHS = (
					"$(inherited)",
					"\"$(SRCROOT)\"",
				);
				GCC_DYNAMIC_NO_PIC = NO;
				GCC_OPTIMIZATION_LEVEL = 0;
				GCC_PRECOMPILE_PREFIX_HEADER = YES;
				GCC_PREFIX_HEADER = Studifutter_Prefix.pch;
				GCC_VERSION = com.apple.compilers.llvmgcc42;
				INFOPLIST_FILE = info.plist;
				INFOPLIST_PREPROCESS = NO;
				PRODUCT_NAME = Studifutter;
				"PROVISIONING_PROFILE[sdk=iphoneos*]" = "C118ECF7-0DAA-4F7F-A628-C8B17EE374F9";
			};
			name = Debug;
		};
		1D6058950D05DD3E006BFB54 /* Release */ = {
			isa = XCBuildConfiguration;
			buildSettings = {
				ALWAYS_SEARCH_USER_PATHS = NO;
				COPY_PHASE_STRIP = YES;
				FRAMEWORK_SEARCH_PATHS = (
					"$(inherited)",
					"\"$(SRCROOT)\"",
				);
				GCC_PRECOMPILE_PREFIX_HEADER = YES;
				GCC_PREFIX_HEADER = Studifutter_Prefix.pch;
				GCC_VERSION = com.apple.compilers.llvmgcc42;
				INFOPLIST_FILE = "Studifutter-Info.plist";
				PRODUCT_NAME = Studifutter;
			};
			name = Release;
		};
		C01FCF4F08A954540054247B /* Debug */ = {
			isa = XCBuildConfiguration;
			buildSettings = {
				ARCHS = "$(ARCHS_STANDARD_32_BIT)";
				"CODE_SIGN_IDENTITY[sdk=iphoneos*]" = "iPhone Developer";
				GCC_C_LANGUAGE_STANDARD = c99;
				GCC_WARN_ABOUT_RETURN_TYPE = YES;
				GCC_WARN_UNUSED_VARIABLE = YES;
				ONLY_ACTIVE_ARCH = YES;
				SDKROOT = iphoneos;
			};
			name = Debug;
		};
		C01FCF5008A954540054247B /* Release */ = {
			isa = XCBuildConfiguration;
			buildSettings = {
				ARCHS = "$(ARCHS_STANDARD_32_BIT)";
				"CODE_SIGN_IDENTITY[sdk=iphoneos*]" = "iPhone Developer";
				GCC_C_LANGUAGE_STANDARD = c99;
				GCC_WARN_ABOUT_RETURN_TYPE = YES;
				GCC_WARN_UNUSED_VARIABLE = YES;
				SDKROOT = iphoneos;
			};
			name = Release;
		};
/* End XCBuildConfiguration section */

/* Begin XCConfigurationList section */
		1D6058960D05DD3E006BFB54 /* Build configuration list for PBXNativeTarget "Studifutter" */ = {
			isa = XCConfigurationList;
			buildConfigurations = (
				1D6058940D05DD3E006BFB54 /* Debug */,
				1D6058950D05DD3E006BFB54 /* Release */,
			);
			defaultConfigurationIsVisible = 0;
			defaultConfigurationName = Release;
		};
		C01FCF4E08A954540054247B /* Build configuration list for PBXProject "Studifutter" */ = {
			isa = XCConfigurationList;
			buildConfigurations = (
				C01FCF4F08A954540054247B /* Debug */,
				C01FCF5008A954540054247B /* Release */,
			);
			defaultConfigurationIsVisible = 0;
			defaultConfigurationName = Release;
		};
/* End XCConfigurationList section */
	};
	rootObject = 29B97313FDCFA39411CA2CEA /* Project object */;
}
