// !$*UTF8*$!
{
	archiveVersion = 1;
	classes = {
	};
	objectVersion = 46;
	objects = {

/* Begin PBXBuildFile section */
		8F04F22E1536F5F100BA25C7 /* info-white.png in Resources */ = {isa = PBXBuildFile; fileRef = 8F04F22D1536F5F100BA25C7 /* info-white.png */; };
		8F04F2311536FC5200BA25C7 /* pin.png in Resources */ = {isa = PBXBuildFile; fileRef = 8F04F2301536FC5200BA25C7 /* pin.png */; };
		8F0BA78E145C72F1003E2DE0 /* UIKit.framework in Frameworks */ = {isa = PBXBuildFile; fileRef = 8F0BA78D145C72F1003E2DE0 /* UIKit.framework */; };
		8F0BA790145C72F1003E2DE0 /* Foundation.framework in Frameworks */ = {isa = PBXBuildFile; fileRef = 8F0BA78F145C72F1003E2DE0 /* Foundation.framework */; };
		8F0BA792145C72F1003E2DE0 /* CoreGraphics.framework in Frameworks */ = {isa = PBXBuildFile; fileRef = 8F0BA791145C72F1003E2DE0 /* CoreGraphics.framework */; };
		8F0BA794145C72F1003E2DE0 /* CoreData.framework in Frameworks */ = {isa = PBXBuildFile; fileRef = 8F0BA793145C72F1003E2DE0 /* CoreData.framework */; };
		8F0BA79C145C72F1003E2DE0 /* main.m in Sources */ = {isa = PBXBuildFile; fileRef = 8F0BA79B145C72F1003E2DE0 /* main.m */; };
		8F0BA7A0145C72F1003E2DE0 /* SFAppDelegate.m in Sources */ = {isa = PBXBuildFile; fileRef = 8F0BA79F145C72F1003E2DE0 /* SFAppDelegate.m */; };
		8F0BA7A6145C72F2003E2DE0 /* Studifutter.xcdatamodeld in Sources */ = {isa = PBXBuildFile; fileRef = 8F0BA7A4145C72F1003E2DE0 /* Studifutter.xcdatamodeld */; };
		8F0BA7B4145C72F2003E2DE0 /* SenTestingKit.framework in Frameworks */ = {isa = PBXBuildFile; fileRef = 8F0BA7B3145C72F2003E2DE0 /* SenTestingKit.framework */; };
		8F0BA7B5145C72F2003E2DE0 /* UIKit.framework in Frameworks */ = {isa = PBXBuildFile; fileRef = 8F0BA78D145C72F1003E2DE0 /* UIKit.framework */; };
		8F0BA7B6145C72F2003E2DE0 /* Foundation.framework in Frameworks */ = {isa = PBXBuildFile; fileRef = 8F0BA78F145C72F1003E2DE0 /* Foundation.framework */; };
		8F0BA7B7145C72F2003E2DE0 /* CoreData.framework in Frameworks */ = {isa = PBXBuildFile; fileRef = 8F0BA793145C72F1003E2DE0 /* CoreData.framework */; };
		8F0BA7BF145C72F2003E2DE0 /* InfoPlist.strings in Resources */ = {isa = PBXBuildFile; fileRef = 8F0BA7BD145C72F2003E2DE0 /* InfoPlist.strings */; };
		8F0BA7C2145C72F2003E2DE0 /* StudifutterTests.m in Sources */ = {isa = PBXBuildFile; fileRef = 8F0BA7C1145C72F2003E2DE0 /* StudifutterTests.m */; };
		8F10D77314697CF700896CE9 /* MainStoryboard.storyboard in Resources */ = {isa = PBXBuildFile; fileRef = 8F10D77114697CF700896CE9 /* MainStoryboard.storyboard */; };
		8F10D78D146AE0F700896CE9 /* MenuSet.m in Sources */ = {isa = PBXBuildFile; fileRef = 8F10D78C146AE0F700896CE9 /* MenuSet.m */; };
		8F10D791146AE10300896CE9 /* _MenuSet.m in Sources */ = {isa = PBXBuildFile; fileRef = 8F10D790146AE10300896CE9 /* _MenuSet.m */; };
		8F1A53BD149CFFAC00F915DE /* FHGradientView.m in Sources */ = {isa = PBXBuildFile; fileRef = 8F1A53BC149CFFAC00F915DE /* FHGradientView.m */; };
		8F25010C146BC71000453E58 /* studifutter-app-icon-114-retina.png in Resources */ = {isa = PBXBuildFile; fileRef = 8F250106146BC71000453E58 /* studifutter-app-icon-114-retina.png */; };
		8F25010D146BC71000453E58 /* studifutter-app-icon-512.png in Resources */ = {isa = PBXBuildFile; fileRef = 8F250107146BC71000453E58 /* studifutter-app-icon-512.png */; };
		8F25010E146BC71000453E58 /* studifutter-app-icon-57-getanewphoneres.png in Resources */ = {isa = PBXBuildFile; fileRef = 8F250108146BC71000453E58 /* studifutter-app-icon-57-getanewphoneres.png */; };
		8F25010F146BC71000453E58 /* studifutter-app-icon-spotlight-29.png in Resources */ = {isa = PBXBuildFile; fileRef = 8F250109146BC71000453E58 /* studifutter-app-icon-spotlight-29.png */; };
		8F250110146BC71000453E58 /* studifutter-app-icon-spotlight-58-retina.png in Resources */ = {isa = PBXBuildFile; fileRef = 8F25010A146BC71000453E58 /* studifutter-app-icon-spotlight-58-retina.png */; };
		8F25E69C146B0337000D4806 /* iAd.framework in Frameworks */ = {isa = PBXBuildFile; fileRef = 8F25E69B146B0337000D4806 /* iAd.framework */; };
		8F338219147D0BD4000344D3 /* MapKit.framework in Frameworks */ = {isa = PBXBuildFile; fileRef = 8F338218147D0BD4000344D3 /* MapKit.framework */; };
		8F44E313151B6384007CBE1A /* NSString+TrimWhitespace.m in Sources */ = {isa = PBXBuildFile; fileRef = 8F44E312151B6384007CBE1A /* NSString+TrimWhitespace.m */; };
		8F450C001534628600F647CF /* README.txt in Resources */ = {isa = PBXBuildFile; fileRef = 8F450BFC1534628600F647CF /* README.txt */; };
		8F450C011534628600F647CF /* release_notes.txt in Resources */ = {isa = PBXBuildFile; fileRef = 8F450BFD1534628600F647CF /* release_notes.txt */; };
		8F450C03153462A100F647CF /* MessageUI.framework in Frameworks */ = {isa = PBXBuildFile; fileRef = 8F450C02153462A100F647CF /* MessageUI.framework */; };
		8F450C05153468BF00F647CF /* libTestFlight.a in Frameworks */ = {isa = PBXBuildFile; fileRef = 8F450C04153468BF00F647CF /* libTestFlight.a */; };
		8F450C0715346A1C00F647CF /* libz.dylib in Frameworks */ = {isa = PBXBuildFile; fileRef = 8F450C0615346A1C00F647CF /* libz.dylib */; };
		8F5D2C6314A20EA7007023AF /* PostItView.m in Sources */ = {isa = PBXBuildFile; fileRef = 8F5D2C6214A20EA7007023AF /* PostItView.m */; };
		8F5E9E58147D8C5900FF2327 /* studifutter-schnipsel.png in Resources */ = {isa = PBXBuildFile; fileRef = 8F5E9E56147D8C5900FF2327 /* studifutter-schnipsel.png */; };
		8F5E9E5D147D907900FF2327 /* MenuTableViewCell.m in Sources */ = {isa = PBXBuildFile; fileRef = 8F5E9E5C147D907900FF2327 /* MenuTableViewCell.m */; };
		8F6232F5153613E200BA786E /* mail1.png in Resources */ = {isa = PBXBuildFile; fileRef = 8F6232F3153613E200BA786E /* mail1.png */; };
		8F6232F6153613E200BA786E /* twitter.png in Resources */ = {isa = PBXBuildFile; fileRef = 8F6232F4153613E200BA786E /* twitter.png */; };
		8F669F5C149A636900B7CE96 /* AudioToolbox.framework in Frameworks */ = {isa = PBXBuildFile; fileRef = 8F669F5B149A636900B7CE96 /* AudioToolbox.framework */; };
		8F6F134B147E990600FE5455 /* studifutter-infoscreen-blanko.png in Resources */ = {isa = PBXBuildFile; fileRef = 8F6F1348147E990600FE5455 /* studifutter-infoscreen-blanko.png */; };
		8F6F134C147E990600FE5455 /* studifutter-pattern.png in Resources */ = {isa = PBXBuildFile; fileRef = 8F6F1349147E990600FE5455 /* studifutter-pattern.png */; };
		8F6F134D147E990600FE5455 /* studifutter-post-it.png in Resources */ = {isa = PBXBuildFile; fileRef = 8F6F134A147E990600FE5455 /* studifutter-post-it.png */; };
		8F6F1350147EA15900FE5455 /* QuartzCore.framework in Frameworks */ = {isa = PBXBuildFile; fileRef = 8F6F134F147EA15900FE5455 /* QuartzCore.framework */; };
		8F729BB4145F23A300FE166B /* SFRestaurantViewController.m in Sources */ = {isa = PBXBuildFile; fileRef = 8F729BB3145F23A300FE166B /* SFRestaurantViewController.m */; };
		8F729BB7145F23BB00FE166B /* SFDayListViewController.m in Sources */ = {isa = PBXBuildFile; fileRef = 8F729BB6145F23BB00FE166B /* SFDayListViewController.m */; };
		8F729BBA145F240700FE166B /* SFMenuViewController.m in Sources */ = {isa = PBXBuildFile; fileRef = 8F729BB9145F240700FE166B /* SFMenuViewController.m */; };
		8F729BC0145F243900FE166B /* SFRestaurantDetailViewController.m in Sources */ = {isa = PBXBuildFile; fileRef = 8F729BBE145F243900FE166B /* SFRestaurantDetailViewController.m */; };
		8F729BC6145F245800FE166B /* SFInfoViewController.m in Sources */ = {isa = PBXBuildFile; fileRef = 8F729BC4145F245800FE166B /* SFInfoViewController.m */; };
		8F729BEB145F2B4300FE166B /* NSObject+SBJson.m in Sources */ = {isa = PBXBuildFile; fileRef = 8F729BD3145F2B4300FE166B /* NSObject+SBJson.m */; };
		8F729BEC145F2B4300FE166B /* SBJsonParser.m in Sources */ = {isa = PBXBuildFile; fileRef = 8F729BD6145F2B4300FE166B /* SBJsonParser.m */; };
		8F729BED145F2B4300FE166B /* SBJsonStreamParser.m in Sources */ = {isa = PBXBuildFile; fileRef = 8F729BD8145F2B4300FE166B /* SBJsonStreamParser.m */; };
		8F729BEE145F2B4300FE166B /* SBJsonStreamParserAccumulator.m in Sources */ = {isa = PBXBuildFile; fileRef = 8F729BDA145F2B4300FE166B /* SBJsonStreamParserAccumulator.m */; };
		8F729BEF145F2B4300FE166B /* SBJsonStreamParserAdapter.m in Sources */ = {isa = PBXBuildFile; fileRef = 8F729BDC145F2B4300FE166B /* SBJsonStreamParserAdapter.m */; };
		8F729BF0145F2B4300FE166B /* SBJsonStreamParserState.m in Sources */ = {isa = PBXBuildFile; fileRef = 8F729BDE145F2B4300FE166B /* SBJsonStreamParserState.m */; };
		8F729BF1145F2B4300FE166B /* SBJsonStreamWriter.m in Sources */ = {isa = PBXBuildFile; fileRef = 8F729BE0145F2B4300FE166B /* SBJsonStreamWriter.m */; };
		8F729BF2145F2B4300FE166B /* SBJsonStreamWriterAccumulator.m in Sources */ = {isa = PBXBuildFile; fileRef = 8F729BE2145F2B4300FE166B /* SBJsonStreamWriterAccumulator.m */; };
		8F729BF3145F2B4300FE166B /* SBJsonStreamWriterState.m in Sources */ = {isa = PBXBuildFile; fileRef = 8F729BE4145F2B4300FE166B /* SBJsonStreamWriterState.m */; };
		8F729BF4145F2B4300FE166B /* SBJsonTokeniser.m in Sources */ = {isa = PBXBuildFile; fileRef = 8F729BE6145F2B4300FE166B /* SBJsonTokeniser.m */; };
		8F729BF5145F2B4300FE166B /* SBJsonUTF8Stream.m in Sources */ = {isa = PBXBuildFile; fileRef = 8F729BE8145F2B4300FE166B /* SBJsonUTF8Stream.m */; };
		8F729BF6145F2B4300FE166B /* SBJsonWriter.m in Sources */ = {isa = PBXBuildFile; fileRef = 8F729BEA145F2B4300FE166B /* SBJsonWriter.m */; };
		8F729BFF145F2D5100FE166B /* SFAPICall.m in Sources */ = {isa = PBXBuildFile; fileRef = 8F729BFC145F2D5100FE166B /* SFAPICall.m */; };
		8F729C00145F2D5100FE166B /* SFAPIException.m in Sources */ = {isa = PBXBuildFile; fileRef = 8F729BFE145F2D5100FE166B /* SFAPIException.m */; };
		8F729C06145F2DE700FE166B /* NSString+URLEncode.m in Sources */ = {isa = PBXBuildFile; fileRef = 8F729C05145F2DE700FE166B /* NSString+URLEncode.m */; };
		8F729C09145F31F600FE166B /* Common.m in Sources */ = {isa = PBXBuildFile; fileRef = 8F729C08145F31F600FE166B /* Common.m */; };
		8F729C141460313900FE166B /* Connection.m in Sources */ = {isa = PBXBuildFile; fileRef = 8F729C131460313900FE166B /* Connection.m */; };
		8F729C1C1460322100FE166B /* Reachability.m in Sources */ = {isa = PBXBuildFile; fileRef = 8F729C1B1460322100FE166B /* Reachability.m */; };
		8F729C301464B27F00FE166B /* SystemConfiguration.framework in Frameworks */ = {isa = PBXBuildFile; fileRef = 8F729C2F1464B27F00FE166B /* SystemConfiguration.framework */; };
		8F729C441464BADD00FE166B /* Menu.m in Sources */ = {isa = PBXBuildFile; fileRef = 8F729C3A1464BADD00FE166B /* Menu.m */; };
		8F729C451464BADD00FE166B /* Restaurant.m in Sources */ = {isa = PBXBuildFile; fileRef = 8F729C3C1464BADD00FE166B /* Restaurant.m */; };
		8F729C461464BADD00FE166B /* _Menu.m in Sources */ = {isa = PBXBuildFile; fileRef = 8F729C3F1464BADD00FE166B /* _Menu.m */; };
		8F729C471464BADD00FE166B /* _Restaurant.m in Sources */ = {isa = PBXBuildFile; fileRef = 8F729C411464BADD00FE166B /* _Restaurant.m */; };
		8F78A27F1521E8B90060BE14 /* Default.png in Resources */ = {isa = PBXBuildFile; fileRef = 8F78A2811521E8B90060BE14 /* Default.png */; };
		8F78A2851521F0090060BE14 /* Localizable.strings in Resources */ = {isa = PBXBuildFile; fileRef = 8F78A2831521F0090060BE14 /* Localizable.strings */; };
		8F7C9D04147E971E00AB17E9 /* SFViewController.m in Sources */ = {isa = PBXBuildFile; fileRef = 8F7C9D03147E971E00AB17E9 /* SFViewController.m */; };
		8F7C9D08147E972F00AB17E9 /* SFTableViewController.m in Sources */ = {isa = PBXBuildFile; fileRef = 8F7C9D07147E972F00AB17E9 /* SFTableViewController.m */; };
		8F910BDB146AEC6D001F4E74 /* RestaurantTableViewCell.m in Sources */ = {isa = PBXBuildFile; fileRef = 8F910BDA146AEC6D001F4E74 /* RestaurantTableViewCell.m */; };
		8F910BDF146AF180001F4E74 /* DayTableViewCell.m in Sources */ = {isa = PBXBuildFile; fileRef = 8F910BDE146AF180001F4E74 /* DayTableViewCell.m */; };
		8FAC6EFC1535D3B100661B89 /* SFWebViewController.m in Sources */ = {isa = PBXBuildFile; fileRef = 8FAC6EFB1535D3B100661B89 /* SFWebViewController.m */; };
		8FD1583E1536117B0078508A /* info.png in Resources */ = {isa = PBXBuildFile; fileRef = 8FD1583D1536117B0078508A /* info.png */; };
		8FFC1BA71523413B001F0EF1 /* MainStoryboard.storyboard in Resources */ = {isa = PBXBuildFile; fileRef = 8FFC1BA51523413B001F0EF1 /* MainStoryboard.storyboard */; };
		8FFC1BAC15234163001F0EF1 /* InfoPlist.strings in Resources */ = {isa = PBXBuildFile; fileRef = 8FFC1BAA15234163001F0EF1 /* InfoPlist.strings */; };
/* End PBXBuildFile section */

/* Begin PBXContainerItemProxy section */
		8F0BA7B8145C72F2003E2DE0 /* PBXContainerItemProxy */ = {
			isa = PBXContainerItemProxy;
			containerPortal = 8F0BA780145C72F1003E2DE0 /* Project object */;
			proxyType = 1;
			remoteGlobalIDString = 8F0BA788145C72F1003E2DE0;
			remoteInfo = Studifutter;
		};
/* End PBXContainerItemProxy section */

/* Begin PBXFileReference section */
		8F04F22D1536F5F100BA25C7 /* info-white.png */ = {isa = PBXFileReference; lastKnownFileType = image.png; name = "info-white.png"; path = "Graphics/info-white.png"; sourceTree = "<group>"; };
		8F04F2301536FC5200BA25C7 /* pin.png */ = {isa = PBXFileReference; lastKnownFileType = image.png; name = pin.png; path = Graphics/pin.png; sourceTree = "<group>"; };
		8F0BA789145C72F1003E2DE0 /* Studifutter.app */ = {isa = PBXFileReference; explicitFileType = wrapper.application; includeInIndex = 0; path = Studifutter.app; sourceTree = BUILT_PRODUCTS_DIR; };
		8F0BA78D145C72F1003E2DE0 /* UIKit.framework */ = {isa = PBXFileReference; lastKnownFileType = wrapper.framework; name = UIKit.framework; path = System/Library/Frameworks/UIKit.framework; sourceTree = SDKROOT; };
		8F0BA78F145C72F1003E2DE0 /* Foundation.framework */ = {isa = PBXFileReference; lastKnownFileType = wrapper.framework; name = Foundation.framework; path = System/Library/Frameworks/Foundation.framework; sourceTree = SDKROOT; };
		8F0BA791145C72F1003E2DE0 /* CoreGraphics.framework */ = {isa = PBXFileReference; lastKnownFileType = wrapper.framework; name = CoreGraphics.framework; path = System/Library/Frameworks/CoreGraphics.framework; sourceTree = SDKROOT; };
		8F0BA793145C72F1003E2DE0 /* CoreData.framework */ = {isa = PBXFileReference; lastKnownFileType = wrapper.framework; name = CoreData.framework; path = System/Library/Frameworks/CoreData.framework; sourceTree = SDKROOT; };
		8F0BA797145C72F1003E2DE0 /* Studifutter-Info.plist */ = {isa = PBXFileReference; fileEncoding = 4; lastKnownFileType = text.plist.xml; path = "Studifutter-Info.plist"; sourceTree = "<group>"; };
		8F0BA79B145C72F1003E2DE0 /* main.m */ = {isa = PBXFileReference; lastKnownFileType = sourcecode.c.objc; path = main.m; sourceTree = "<group>"; };
		8F0BA79D145C72F1003E2DE0 /* Studifutter-Prefix.pch */ = {isa = PBXFileReference; lastKnownFileType = sourcecode.c.h; path = "Studifutter-Prefix.pch"; sourceTree = "<group>"; };
		8F0BA79E145C72F1003E2DE0 /* SFAppDelegate.h */ = {isa = PBXFileReference; lastKnownFileType = sourcecode.c.h; path = SFAppDelegate.h; sourceTree = "<group>"; };
		8F0BA79F145C72F1003E2DE0 /* SFAppDelegate.m */ = {isa = PBXFileReference; lastKnownFileType = sourcecode.c.objc; path = SFAppDelegate.m; sourceTree = "<group>"; };
		8F0BA7A5145C72F1003E2DE0 /* Studifutter.xcdatamodel */ = {isa = PBXFileReference; lastKnownFileType = wrapper.xcdatamodel; path = Studifutter.xcdatamodel; sourceTree = "<group>"; };
		8F0BA7B2145C72F2003E2DE0 /* StudifutterTests.octest */ = {isa = PBXFileReference; explicitFileType = wrapper.cfbundle; includeInIndex = 0; path = StudifutterTests.octest; sourceTree = BUILT_PRODUCTS_DIR; };
		8F0BA7B3145C72F2003E2DE0 /* SenTestingKit.framework */ = {isa = PBXFileReference; lastKnownFileType = wrapper.framework; name = SenTestingKit.framework; path = Library/Frameworks/SenTestingKit.framework; sourceTree = DEVELOPER_DIR; };
		8F0BA7BC145C72F2003E2DE0 /* StudifutterTests-Info.plist */ = {isa = PBXFileReference; lastKnownFileType = text.plist.xml; path = "StudifutterTests-Info.plist"; sourceTree = "<group>"; };
		8F0BA7BE145C72F2003E2DE0 /* en */ = {isa = PBXFileReference; lastKnownFileType = text.plist.strings; name = en; path = en.lproj/InfoPlist.strings; sourceTree = "<group>"; };
		8F0BA7C0145C72F2003E2DE0 /* StudifutterTests.h */ = {isa = PBXFileReference; lastKnownFileType = sourcecode.c.h; path = StudifutterTests.h; sourceTree = "<group>"; };
		8F0BA7C1145C72F2003E2DE0 /* StudifutterTests.m */ = {isa = PBXFileReference; lastKnownFileType = sourcecode.c.objc; path = StudifutterTests.m; sourceTree = "<group>"; };
		8F10D78B146AE0F700896CE9 /* MenuSet.h */ = {isa = PBXFileReference; fileEncoding = 4; lastKnownFileType = sourcecode.c.h; path = MenuSet.h; sourceTree = "<group>"; };
		8F10D78C146AE0F700896CE9 /* MenuSet.m */ = {isa = PBXFileReference; fileEncoding = 4; lastKnownFileType = sourcecode.c.objc; path = MenuSet.m; sourceTree = "<group>"; };
		8F10D78F146AE10300896CE9 /* _MenuSet.h */ = {isa = PBXFileReference; fileEncoding = 4; lastKnownFileType = sourcecode.c.h; path = _MenuSet.h; sourceTree = "<group>"; };
		8F10D790146AE10300896CE9 /* _MenuSet.m */ = {isa = PBXFileReference; fileEncoding = 4; lastKnownFileType = sourcecode.c.objc; path = _MenuSet.m; sourceTree = "<group>"; };
		8F1A53BB149CFFAC00F915DE /* FHGradientView.h */ = {isa = PBXFileReference; fileEncoding = 4; lastKnownFileType = sourcecode.c.h; path = FHGradientView.h; sourceTree = "<group>"; };
		8F1A53BC149CFFAC00F915DE /* FHGradientView.m */ = {isa = PBXFileReference; fileEncoding = 4; lastKnownFileType = sourcecode.c.objc; path = FHGradientView.m; sourceTree = "<group>"; };
		8F250106146BC71000453E58 /* studifutter-app-icon-114-retina.png */ = {isa = PBXFileReference; lastKnownFileType = image.png; path = "studifutter-app-icon-114-retina.png"; sourceTree = "<group>"; };
		8F250107146BC71000453E58 /* studifutter-app-icon-512.png */ = {isa = PBXFileReference; lastKnownFileType = image.png; path = "studifutter-app-icon-512.png"; sourceTree = "<group>"; };
		8F250108146BC71000453E58 /* studifutter-app-icon-57-getanewphoneres.png */ = {isa = PBXFileReference; lastKnownFileType = image.png; path = "studifutter-app-icon-57-getanewphoneres.png"; sourceTree = "<group>"; };
		8F250109146BC71000453E58 /* studifutter-app-icon-spotlight-29.png */ = {isa = PBXFileReference; lastKnownFileType = image.png; path = "studifutter-app-icon-spotlight-29.png"; sourceTree = "<group>"; };
		8F25010A146BC71000453E58 /* studifutter-app-icon-spotlight-58-retina.png */ = {isa = PBXFileReference; lastKnownFileType = image.png; path = "studifutter-app-icon-spotlight-58-retina.png"; sourceTree = "<group>"; };
		8F25E69B146B0337000D4806 /* iAd.framework */ = {isa = PBXFileReference; lastKnownFileType = wrapper.framework; name = iAd.framework; path = System/Library/Frameworks/iAd.framework; sourceTree = SDKROOT; };
		8F338218147D0BD4000344D3 /* MapKit.framework */ = {isa = PBXFileReference; lastKnownFileType = wrapper.framework; name = MapKit.framework; path = System/Library/Frameworks/MapKit.framework; sourceTree = SDKROOT; };
		8F44E311151B6384007CBE1A /* NSString+TrimWhitespace.h */ = {isa = PBXFileReference; fileEncoding = 4; lastKnownFileType = sourcecode.c.h; path = "NSString+TrimWhitespace.h"; sourceTree = "<group>"; };
		8F44E312151B6384007CBE1A /* NSString+TrimWhitespace.m */ = {isa = PBXFileReference; fileEncoding = 4; lastKnownFileType = sourcecode.c.objc; path = "NSString+TrimWhitespace.m"; sourceTree = "<group>"; };
		8F450BFC1534628600F647CF /* README.txt */ = {isa = PBXFileReference; fileEncoding = 4; lastKnownFileType = text; path = README.txt; sourceTree = "<group>"; };
		8F450BFD1534628600F647CF /* release_notes.txt */ = {isa = PBXFileReference; fileEncoding = 4; lastKnownFileType = text; path = release_notes.txt; sourceTree = "<group>"; };
		8F450BFE1534628600F647CF /* TestFlight.h */ = {isa = PBXFileReference; fileEncoding = 4; lastKnownFileType = sourcecode.c.h; path = TestFlight.h; sourceTree = "<group>"; };
		8F450C02153462A100F647CF /* MessageUI.framework */ = {isa = PBXFileReference; lastKnownFileType = wrapper.framework; name = MessageUI.framework; path = System/Library/Frameworks/MessageUI.framework; sourceTree = SDKROOT; };
		8F450C04153468BF00F647CF /* libTestFlight.a */ = {isa = PBXFileReference; lastKnownFileType = archive.ar; path = libTestFlight.a; sourceTree = "<group>"; };
		8F450C0615346A1C00F647CF /* libz.dylib */ = {isa = PBXFileReference; lastKnownFileType = "compiled.mach-o.dylib"; name = libz.dylib; path = usr/lib/libz.dylib; sourceTree = SDKROOT; };
		8F5D2C6114A20EA7007023AF /* PostItView.h */ = {isa = PBXFileReference; fileEncoding = 4; lastKnownFileType = sourcecode.c.h; path = PostItView.h; sourceTree = "<group>"; };
		8F5D2C6214A20EA7007023AF /* PostItView.m */ = {isa = PBXFileReference; fileEncoding = 4; lastKnownFileType = sourcecode.c.objc; path = PostItView.m; sourceTree = "<group>"; };
		8F5E9E56147D8C5900FF2327 /* studifutter-schnipsel.png */ = {isa = PBXFileReference; lastKnownFileType = image.png; path = "studifutter-schnipsel.png"; sourceTree = "<group>"; };
		8F5E9E5B147D907900FF2327 /* MenuTableViewCell.h */ = {isa = PBXFileReference; fileEncoding = 4; lastKnownFileType = sourcecode.c.h; path = MenuTableViewCell.h; sourceTree = "<group>"; };
		8F5E9E5C147D907900FF2327 /* MenuTableViewCell.m */ = {isa = PBXFileReference; fileEncoding = 4; lastKnownFileType = sourcecode.c.objc; path = MenuTableViewCell.m; sourceTree = "<group>"; };
		8F6232F3153613E200BA786E /* mail1.png */ = {isa = PBXFileReference; lastKnownFileType = image.png; name = mail1.png; path = Graphics/mail1.png; sourceTree = "<group>"; };
		8F6232F4153613E200BA786E /* twitter.png */ = {isa = PBXFileReference; lastKnownFileType = image.png; name = twitter.png; path = Graphics/twitter.png; sourceTree = "<group>"; };
		8F669F5B149A636900B7CE96 /* AudioToolbox.framework */ = {isa = PBXFileReference; lastKnownFileType = wrapper.framework; name = AudioToolbox.framework; path = System/Library/Frameworks/AudioToolbox.framework; sourceTree = SDKROOT; };
		8F6F1348147E990600FE5455 /* studifutter-infoscreen-blanko.png */ = {isa = PBXFileReference; lastKnownFileType = image.png; path = "studifutter-infoscreen-blanko.png"; sourceTree = "<group>"; };
		8F6F1349147E990600FE5455 /* studifutter-pattern.png */ = {isa = PBXFileReference; lastKnownFileType = image.png; path = "studifutter-pattern.png"; sourceTree = "<group>"; };
		8F6F134A147E990600FE5455 /* studifutter-post-it.png */ = {isa = PBXFileReference; lastKnownFileType = image.png; path = "studifutter-post-it.png"; sourceTree = "<group>"; };
		8F6F134F147EA15900FE5455 /* QuartzCore.framework */ = {isa = PBXFileReference; lastKnownFileType = wrapper.framework; name = QuartzCore.framework; path = System/Library/Frameworks/QuartzCore.framework; sourceTree = SDKROOT; };
		8F729BB2145F23A300FE166B /* SFRestaurantViewController.h */ = {isa = PBXFileReference; fileEncoding = 4; lastKnownFileType = sourcecode.c.h; path = SFRestaurantViewController.h; sourceTree = "<group>"; };
		8F729BB3145F23A300FE166B /* SFRestaurantViewController.m */ = {isa = PBXFileReference; fileEncoding = 4; lastKnownFileType = sourcecode.c.objc; path = SFRestaurantViewController.m; sourceTree = "<group>"; };
		8F729BB5145F23BB00FE166B /* SFDayListViewController.h */ = {isa = PBXFileReference; fileEncoding = 4; lastKnownFileType = sourcecode.c.h; path = SFDayListViewController.h; sourceTree = "<group>"; };
		8F729BB6145F23BB00FE166B /* SFDayListViewController.m */ = {isa = PBXFileReference; fileEncoding = 4; lastKnownFileType = sourcecode.c.objc; path = SFDayListViewController.m; sourceTree = "<group>"; };
		8F729BB8145F240700FE166B /* SFMenuViewController.h */ = {isa = PBXFileReference; fileEncoding = 4; lastKnownFileType = sourcecode.c.h; path = SFMenuViewController.h; sourceTree = "<group>"; };
		8F729BB9145F240700FE166B /* SFMenuViewController.m */ = {isa = PBXFileReference; fileEncoding = 4; lastKnownFileType = sourcecode.c.objc; path = SFMenuViewController.m; sourceTree = "<group>"; };
		8F729BBD145F243900FE166B /* SFRestaurantDetailViewController.h */ = {isa = PBXFileReference; fileEncoding = 4; lastKnownFileType = sourcecode.c.h; path = SFRestaurantDetailViewController.h; sourceTree = "<group>"; };
		8F729BBE145F243900FE166B /* SFRestaurantDetailViewController.m */ = {isa = PBXFileReference; fileEncoding = 4; lastKnownFileType = sourcecode.c.objc; path = SFRestaurantDetailViewController.m; sourceTree = "<group>"; };
		8F729BC3145F245800FE166B /* SFInfoViewController.h */ = {isa = PBXFileReference; fileEncoding = 4; lastKnownFileType = sourcecode.c.h; path = SFInfoViewController.h; sourceTree = "<group>"; };
		8F729BC4145F245800FE166B /* SFInfoViewController.m */ = {isa = PBXFileReference; fileEncoding = 4; lastKnownFileType = sourcecode.c.objc; path = SFInfoViewController.m; sourceTree = "<group>"; };
		8F729BD1145F2B4300FE166B /* JSON.h */ = {isa = PBXFileReference; fileEncoding = 4; lastKnownFileType = sourcecode.c.h; path = JSON.h; sourceTree = "<group>"; };
		8F729BD2145F2B4300FE166B /* NSObject+SBJson.h */ = {isa = PBXFileReference; fileEncoding = 4; lastKnownFileType = sourcecode.c.h; path = "NSObject+SBJson.h"; sourceTree = "<group>"; };
		8F729BD3145F2B4300FE166B /* NSObject+SBJson.m */ = {isa = PBXFileReference; fileEncoding = 4; lastKnownFileType = sourcecode.c.objc; path = "NSObject+SBJson.m"; sourceTree = "<group>"; };
		8F729BD4145F2B4300FE166B /* SBJson.h */ = {isa = PBXFileReference; fileEncoding = 4; lastKnownFileType = sourcecode.c.h; path = SBJson.h; sourceTree = "<group>"; };
		8F729BD5145F2B4300FE166B /* SBJsonParser.h */ = {isa = PBXFileReference; fileEncoding = 4; lastKnownFileType = sourcecode.c.h; path = SBJsonParser.h; sourceTree = "<group>"; };
		8F729BD6145F2B4300FE166B /* SBJsonParser.m */ = {isa = PBXFileReference; fileEncoding = 4; lastKnownFileType = sourcecode.c.objc; path = SBJsonParser.m; sourceTree = "<group>"; };
		8F729BD7145F2B4300FE166B /* SBJsonStreamParser.h */ = {isa = PBXFileReference; fileEncoding = 4; lastKnownFileType = sourcecode.c.h; path = SBJsonStreamParser.h; sourceTree = "<group>"; };
		8F729BD8145F2B4300FE166B /* SBJsonStreamParser.m */ = {isa = PBXFileReference; fileEncoding = 4; lastKnownFileType = sourcecode.c.objc; path = SBJsonStreamParser.m; sourceTree = "<group>"; };
		8F729BD9145F2B4300FE166B /* SBJsonStreamParserAccumulator.h */ = {isa = PBXFileReference; fileEncoding = 4; lastKnownFileType = sourcecode.c.h; path = SBJsonStreamParserAccumulator.h; sourceTree = "<group>"; };
		8F729BDA145F2B4300FE166B /* SBJsonStreamParserAccumulator.m */ = {isa = PBXFileReference; fileEncoding = 4; lastKnownFileType = sourcecode.c.objc; path = SBJsonStreamParserAccumulator.m; sourceTree = "<group>"; };
		8F729BDB145F2B4300FE166B /* SBJsonStreamParserAdapter.h */ = {isa = PBXFileReference; fileEncoding = 4; lastKnownFileType = sourcecode.c.h; path = SBJsonStreamParserAdapter.h; sourceTree = "<group>"; };
		8F729BDC145F2B4300FE166B /* SBJsonStreamParserAdapter.m */ = {isa = PBXFileReference; fileEncoding = 4; lastKnownFileType = sourcecode.c.objc; path = SBJsonStreamParserAdapter.m; sourceTree = "<group>"; };
		8F729BDD145F2B4300FE166B /* SBJsonStreamParserState.h */ = {isa = PBXFileReference; fileEncoding = 4; lastKnownFileType = sourcecode.c.h; path = SBJsonStreamParserState.h; sourceTree = "<group>"; };
		8F729BDE145F2B4300FE166B /* SBJsonStreamParserState.m */ = {isa = PBXFileReference; fileEncoding = 4; lastKnownFileType = sourcecode.c.objc; path = SBJsonStreamParserState.m; sourceTree = "<group>"; };
		8F729BDF145F2B4300FE166B /* SBJsonStreamWriter.h */ = {isa = PBXFileReference; fileEncoding = 4; lastKnownFileType = sourcecode.c.h; path = SBJsonStreamWriter.h; sourceTree = "<group>"; };
		8F729BE0145F2B4300FE166B /* SBJsonStreamWriter.m */ = {isa = PBXFileReference; fileEncoding = 4; lastKnownFileType = sourcecode.c.objc; path = SBJsonStreamWriter.m; sourceTree = "<group>"; };
		8F729BE1145F2B4300FE166B /* SBJsonStreamWriterAccumulator.h */ = {isa = PBXFileReference; fileEncoding = 4; lastKnownFileType = sourcecode.c.h; path = SBJsonStreamWriterAccumulator.h; sourceTree = "<group>"; };
		8F729BE2145F2B4300FE166B /* SBJsonStreamWriterAccumulator.m */ = {isa = PBXFileReference; fileEncoding = 4; lastKnownFileType = sourcecode.c.objc; path = SBJsonStreamWriterAccumulator.m; sourceTree = "<group>"; };
		8F729BE3145F2B4300FE166B /* SBJsonStreamWriterState.h */ = {isa = PBXFileReference; fileEncoding = 4; lastKnownFileType = sourcecode.c.h; path = SBJsonStreamWriterState.h; sourceTree = "<group>"; };
		8F729BE4145F2B4300FE166B /* SBJsonStreamWriterState.m */ = {isa = PBXFileReference; fileEncoding = 4; lastKnownFileType = sourcecode.c.objc; path = SBJsonStreamWriterState.m; sourceTree = "<group>"; };
		8F729BE5145F2B4300FE166B /* SBJsonTokeniser.h */ = {isa = PBXFileReference; fileEncoding = 4; lastKnownFileType = sourcecode.c.h; path = SBJsonTokeniser.h; sourceTree = "<group>"; };
		8F729BE6145F2B4300FE166B /* SBJsonTokeniser.m */ = {isa = PBXFileReference; fileEncoding = 4; lastKnownFileType = sourcecode.c.objc; path = SBJsonTokeniser.m; sourceTree = "<group>"; };
		8F729BE7145F2B4300FE166B /* SBJsonUTF8Stream.h */ = {isa = PBXFileReference; fileEncoding = 4; lastKnownFileType = sourcecode.c.h; path = SBJsonUTF8Stream.h; sourceTree = "<group>"; };
		8F729BE8145F2B4300FE166B /* SBJsonUTF8Stream.m */ = {isa = PBXFileReference; fileEncoding = 4; lastKnownFileType = sourcecode.c.objc; path = SBJsonUTF8Stream.m; sourceTree = "<group>"; };
		8F729BE9145F2B4300FE166B /* SBJsonWriter.h */ = {isa = PBXFileReference; fileEncoding = 4; lastKnownFileType = sourcecode.c.h; path = SBJsonWriter.h; sourceTree = "<group>"; };
		8F729BEA145F2B4300FE166B /* SBJsonWriter.m */ = {isa = PBXFileReference; fileEncoding = 4; lastKnownFileType = sourcecode.c.objc; path = SBJsonWriter.m; sourceTree = "<group>"; };
		8F729BFB145F2D5100FE166B /* SFAPICall.h */ = {isa = PBXFileReference; fileEncoding = 4; lastKnownFileType = sourcecode.c.h; path = SFAPICall.h; sourceTree = "<group>"; };
		8F729BFC145F2D5100FE166B /* SFAPICall.m */ = {isa = PBXFileReference; fileEncoding = 4; lastKnownFileType = sourcecode.c.objc; path = SFAPICall.m; sourceTree = "<group>"; };
		8F729BFD145F2D5100FE166B /* SFAPIException.h */ = {isa = PBXFileReference; fileEncoding = 4; lastKnownFileType = sourcecode.c.h; path = SFAPIException.h; sourceTree = "<group>"; };
		8F729BFE145F2D5100FE166B /* SFAPIException.m */ = {isa = PBXFileReference; fileEncoding = 4; lastKnownFileType = sourcecode.c.objc; path = SFAPIException.m; sourceTree = "<group>"; };
		8F729C01145F2DA300FE166B /* Constants.h */ = {isa = PBXFileReference; fileEncoding = 4; lastKnownFileType = sourcecode.c.h; path = Constants.h; sourceTree = "<group>"; };
		8F729C04145F2DE700FE166B /* NSString+URLEncode.h */ = {isa = PBXFileReference; fileEncoding = 4; lastKnownFileType = sourcecode.c.h; path = "NSString+URLEncode.h"; sourceTree = "<group>"; };
		8F729C05145F2DE700FE166B /* NSString+URLEncode.m */ = {isa = PBXFileReference; fileEncoding = 4; lastKnownFileType = sourcecode.c.objc; path = "NSString+URLEncode.m"; sourceTree = "<group>"; };
		8F729C07145F31F600FE166B /* Common.h */ = {isa = PBXFileReference; fileEncoding = 4; lastKnownFileType = sourcecode.c.h; path = Common.h; sourceTree = "<group>"; };
		8F729C08145F31F600FE166B /* Common.m */ = {isa = PBXFileReference; fileEncoding = 4; lastKnownFileType = sourcecode.c.objc; path = Common.m; sourceTree = "<group>"; };
		8F729C121460313900FE166B /* Connection.h */ = {isa = PBXFileReference; fileEncoding = 4; lastKnownFileType = sourcecode.c.h; path = Connection.h; sourceTree = "<group>"; };
		8F729C131460313900FE166B /* Connection.m */ = {isa = PBXFileReference; fileEncoding = 4; lastKnownFileType = sourcecode.c.objc; path = Connection.m; sourceTree = "<group>"; };
		8F729C1A1460322000FE166B /* Reachability.h */ = {isa = PBXFileReference; fileEncoding = 4; lastKnownFileType = sourcecode.c.h; path = Reachability.h; sourceTree = "<group>"; };
		8F729C1B1460322100FE166B /* Reachability.m */ = {isa = PBXFileReference; fileEncoding = 4; lastKnownFileType = sourcecode.c.objc; path = Reachability.m; sourceTree = "<group>"; };
		8F729C2F1464B27F00FE166B /* SystemConfiguration.framework */ = {isa = PBXFileReference; lastKnownFileType = wrapper.framework; name = SystemConfiguration.framework; path = System/Library/Frameworks/SystemConfiguration.framework; sourceTree = SDKROOT; };
		8F729C391464BADD00FE166B /* Menu.h */ = {isa = PBXFileReference; fileEncoding = 4; lastKnownFileType = sourcecode.c.h; path = Menu.h; sourceTree = "<group>"; };
		8F729C3A1464BADD00FE166B /* Menu.m */ = {isa = PBXFileReference; fileEncoding = 4; lastKnownFileType = sourcecode.c.objc; path = Menu.m; sourceTree = "<group>"; };
		8F729C3B1464BADD00FE166B /* Restaurant.h */ = {isa = PBXFileReference; fileEncoding = 4; lastKnownFileType = sourcecode.c.h; path = Restaurant.h; sourceTree = "<group>"; };
		8F729C3C1464BADD00FE166B /* Restaurant.m */ = {isa = PBXFileReference; fileEncoding = 4; lastKnownFileType = sourcecode.c.objc; path = Restaurant.m; sourceTree = "<group>"; };
		8F729C3E1464BADD00FE166B /* _Menu.h */ = {isa = PBXFileReference; fileEncoding = 4; lastKnownFileType = sourcecode.c.h; path = _Menu.h; sourceTree = "<group>"; };
		8F729C3F1464BADD00FE166B /* _Menu.m */ = {isa = PBXFileReference; fileEncoding = 4; lastKnownFileType = sourcecode.c.objc; path = _Menu.m; sourceTree = "<group>"; };
		8F729C401464BADD00FE166B /* _Restaurant.h */ = {isa = PBXFileReference; fileEncoding = 4; lastKnownFileType = sourcecode.c.h; path = _Restaurant.h; sourceTree = "<group>"; };
		8F729C411464BADD00FE166B /* _Restaurant.m */ = {isa = PBXFileReference; fileEncoding = 4; lastKnownFileType = sourcecode.c.objc; path = _Restaurant.m; sourceTree = "<group>"; };
		8F78A27E1521E36D0060BE14 /* de */ = {isa = PBXFileReference; lastKnownFileType = text.plist.strings; name = de; path = /Users/flohei/dev/studifutter/StudifutterTests/de.lproj/InfoPlist.strings; sourceTree = "<absolute>"; };
		8F78A2801521E8B90060BE14 /* en */ = {isa = PBXFileReference; lastKnownFileType = image.png; name = en; path = en.lproj/Default.png; sourceTree = "<group>"; };
		8F78A2821521E8C30060BE14 /* de */ = {isa = PBXFileReference; lastKnownFileType = image.png; name = de; path = de.lproj/Default.png; sourceTree = "<group>"; };
		8F78A2841521F0090060BE14 /* de */ = {isa = PBXFileReference; lastKnownFileType = text.plist.strings; name = de; path = de.lproj/Localizable.strings; sourceTree = "<group>"; };
		8F78A28A1521F0470060BE14 /* en */ = {isa = PBXFileReference; lastKnownFileType = text.plist.strings; name = en; path = en.lproj/Localizable.strings; sourceTree = "<group>"; };
		8F7C9D02147E971E00AB17E9 /* SFViewController.h */ = {isa = PBXFileReference; fileEncoding = 4; lastKnownFileType = sourcecode.c.h; path = SFViewController.h; sourceTree = "<group>"; };
		8F7C9D03147E971E00AB17E9 /* SFViewController.m */ = {isa = PBXFileReference; fileEncoding = 4; lastKnownFileType = sourcecode.c.objc; path = SFViewController.m; sourceTree = "<group>"; };
		8F7C9D06147E972F00AB17E9 /* SFTableViewController.h */ = {isa = PBXFileReference; fileEncoding = 4; lastKnownFileType = sourcecode.c.h; path = SFTableViewController.h; sourceTree = "<group>"; };
		8F7C9D07147E972F00AB17E9 /* SFTableViewController.m */ = {isa = PBXFileReference; fileEncoding = 4; lastKnownFileType = sourcecode.c.objc; path = SFTableViewController.m; sourceTree = "<group>"; };
		8F910BD9146AEC6D001F4E74 /* RestaurantTableViewCell.h */ = {isa = PBXFileReference; fileEncoding = 4; lastKnownFileType = sourcecode.c.h; path = RestaurantTableViewCell.h; sourceTree = "<group>"; };
		8F910BDA146AEC6D001F4E74 /* RestaurantTableViewCell.m */ = {isa = PBXFileReference; fileEncoding = 4; lastKnownFileType = sourcecode.c.objc; path = RestaurantTableViewCell.m; sourceTree = "<group>"; };
		8F910BDD146AF17F001F4E74 /* DayTableViewCell.h */ = {isa = PBXFileReference; fileEncoding = 4; lastKnownFileType = sourcecode.c.h; path = DayTableViewCell.h; sourceTree = "<group>"; };
		8F910BDE146AF180001F4E74 /* DayTableViewCell.m */ = {isa = PBXFileReference; fileEncoding = 4; lastKnownFileType = sourcecode.c.objc; path = DayTableViewCell.m; sourceTree = "<group>"; };
		8FAC6EFA1535D3B100661B89 /* SFWebViewController.h */ = {isa = PBXFileReference; fileEncoding = 4; lastKnownFileType = sourcecode.c.h; path = SFWebViewController.h; sourceTree = "<group>"; };
		8FAC6EFB1535D3B100661B89 /* SFWebViewController.m */ = {isa = PBXFileReference; fileEncoding = 4; lastKnownFileType = sourcecode.c.objc; path = SFWebViewController.m; sourceTree = "<group>"; };
		8FD1583D1536117B0078508A /* info.png */ = {isa = PBXFileReference; lastKnownFileType = image.png; name = info.png; path = Graphics/info.png; sourceTree = "<group>"; };
		8FFC1BA61523413B001F0EF1 /* de */ = {isa = PBXFileReference; lastKnownFileType = file.storyboard; name = de; path = de.lproj/MainStoryboard.storyboard; sourceTree = "<group>"; };
		8FFC1BA815234144001F0EF1 /* en */ = {isa = PBXFileReference; lastKnownFileType = file.storyboard; name = en; path = en.lproj/MainStoryboard.storyboard; sourceTree = "<group>"; };
		8FFC1BAB15234163001F0EF1 /* de */ = {isa = PBXFileReference; lastKnownFileType = text.plist.strings; name = de; path = de.lproj/InfoPlist.strings; sourceTree = "<group>"; };
		8FFC1BAD1523416B001F0EF1 /* en */ = {isa = PBXFileReference; lastKnownFileType = text.plist.strings; name = en; path = en.lproj/InfoPlist.strings; sourceTree = "<group>"; };
/* End PBXFileReference section */

/* Begin PBXFrameworksBuildPhase section */
		8F0BA786145C72F1003E2DE0 /* Frameworks */ = {
			isa = PBXFrameworksBuildPhase;
			buildActionMask = 2147483647;
			files = (
				8F450C0715346A1C00F647CF /* libz.dylib in Frameworks */,
				8F450C03153462A100F647CF /* MessageUI.framework in Frameworks */,
				8F669F5C149A636900B7CE96 /* AudioToolbox.framework in Frameworks */,
				8F6F1350147EA15900FE5455 /* QuartzCore.framework in Frameworks */,
				8F338219147D0BD4000344D3 /* MapKit.framework in Frameworks */,
				8F25E69C146B0337000D4806 /* iAd.framework in Frameworks */,
				8F729C301464B27F00FE166B /* SystemConfiguration.framework in Frameworks */,
				8F0BA78E145C72F1003E2DE0 /* UIKit.framework in Frameworks */,
				8F0BA790145C72F1003E2DE0 /* Foundation.framework in Frameworks */,
				8F0BA792145C72F1003E2DE0 /* CoreGraphics.framework in Frameworks */,
				8F0BA794145C72F1003E2DE0 /* CoreData.framework in Frameworks */,
				8F450C05153468BF00F647CF /* libTestFlight.a in Frameworks */,
			);
			runOnlyForDeploymentPostprocessing = 0;
		};
		8F0BA7AE145C72F2003E2DE0 /* Frameworks */ = {
			isa = PBXFrameworksBuildPhase;
			buildActionMask = 2147483647;
			files = (
				8F0BA7B4145C72F2003E2DE0 /* SenTestingKit.framework in Frameworks */,
				8F0BA7B5145C72F2003E2DE0 /* UIKit.framework in Frameworks */,
				8F0BA7B6145C72F2003E2DE0 /* Foundation.framework in Frameworks */,
				8F0BA7B7145C72F2003E2DE0 /* CoreData.framework in Frameworks */,
			);
			runOnlyForDeploymentPostprocessing = 0;
		};
/* End PBXFrameworksBuildPhase section */

/* Begin PBXGroup section */
		8F0BA77E145C72F1003E2DE0 = {
			isa = PBXGroup;
			children = (
				8F0BA795145C72F1003E2DE0 /* Studifutter */,
				8F0BA7BA145C72F2003E2DE0 /* StudifutterTests */,
				8F0BA78C145C72F1003E2DE0 /* Frameworks */,
				8F0BA78A145C72F1003E2DE0 /* Products */,
			);
			sourceTree = "<group>";
		};
		8F0BA78A145C72F1003E2DE0 /* Products */ = {
			isa = PBXGroup;
			children = (
				8F0BA789145C72F1003E2DE0 /* Studifutter.app */,
				8F0BA7B2145C72F2003E2DE0 /* StudifutterTests.octest */,
			);
			name = Products;
			sourceTree = "<group>";
		};
		8F0BA78C145C72F1003E2DE0 /* Frameworks */ = {
			isa = PBXGroup;
			children = (
				8F450C0615346A1C00F647CF /* libz.dylib */,
				8F450C02153462A100F647CF /* MessageUI.framework */,
				8F450BFA1534628600F647CF /* TestFlightSDK1 */,
				8F669F5B149A636900B7CE96 /* AudioToolbox.framework */,
				8F6F134F147EA15900FE5455 /* QuartzCore.framework */,
				8F338218147D0BD4000344D3 /* MapKit.framework */,
				8F25E69B146B0337000D4806 /* iAd.framework */,
				8F729BD0145F2B4300FE166B /* SBJson */,
				8F0BA78D145C72F1003E2DE0 /* UIKit.framework */,
				8F0BA78F145C72F1003E2DE0 /* Foundation.framework */,
				8F0BA791145C72F1003E2DE0 /* CoreGraphics.framework */,
				8F0BA793145C72F1003E2DE0 /* CoreData.framework */,
				8F729C2F1464B27F00FE166B /* SystemConfiguration.framework */,
				8F0BA7B3145C72F2003E2DE0 /* SenTestingKit.framework */,
			);
			name = Frameworks;
			sourceTree = "<group>";
		};
		8F0BA795145C72F1003E2DE0 /* Studifutter */ = {
			isa = PBXGroup;
			children = (
				8F0BA79E145C72F1003E2DE0 /* SFAppDelegate.h */,
				8F0BA79F145C72F1003E2DE0 /* SFAppDelegate.m */,
				8F729BCF145F2AD000FE166B /* Misc */,
				8F729BCE145F2AC300FE166B /* Network */,
				8F729BC8145F247500FE166B /* Resources */,
				8F729BB0145F232F00FE166B /* ViewController */,
				8F729BC2145F244000FE166B /* Views */,
				8F729BCA145F24F400FE166B /* Model */,
				8F0BA796145C72F1003E2DE0 /* Supporting Files */,
			);
			path = Studifutter;
			sourceTree = "<group>";
		};
		8F0BA796145C72F1003E2DE0 /* Supporting Files */ = {
			isa = PBXGroup;
			children = (
				8FFC1BAA15234163001F0EF1 /* InfoPlist.strings */,
				8F78A2831521F0090060BE14 /* Localizable.strings */,
				8F0BA797145C72F1003E2DE0 /* Studifutter-Info.plist */,
				8F0BA79B145C72F1003E2DE0 /* main.m */,
				8F0BA79D145C72F1003E2DE0 /* Studifutter-Prefix.pch */,
			);
			name = "Supporting Files";
			sourceTree = "<group>";
		};
		8F0BA7BA145C72F2003E2DE0 /* StudifutterTests */ = {
			isa = PBXGroup;
			children = (
				8F0BA7C0145C72F2003E2DE0 /* StudifutterTests.h */,
				8F0BA7C1145C72F2003E2DE0 /* StudifutterTests.m */,
				8F0BA7BB145C72F2003E2DE0 /* Supporting Files */,
			);
			path = StudifutterTests;
			sourceTree = "<group>";
		};
		8F0BA7BB145C72F2003E2DE0 /* Supporting Files */ = {
			isa = PBXGroup;
			children = (
				8F0BA7BC145C72F2003E2DE0 /* StudifutterTests-Info.plist */,
				8F0BA7BD145C72F2003E2DE0 /* InfoPlist.strings */,
			);
			name = "Supporting Files";
			sourceTree = "<group>";
		};
		8F1A53BA149CFEF700F915DE /* Super classes */ = {
			isa = PBXGroup;
			children = (
				8F7C9D02147E971E00AB17E9 /* SFViewController.h */,
				8F7C9D03147E971E00AB17E9 /* SFViewController.m */,
				8F7C9D06147E972F00AB17E9 /* SFTableViewController.h */,
				8F7C9D07147E972F00AB17E9 /* SFTableViewController.m */,
			);
			name = "Super classes";
			sourceTree = "<group>";
		};
		8F250105146BC71000453E58 /* ICON-DERIVATE */ = {
			isa = PBXGroup;
			children = (
				8F250106146BC71000453E58 /* studifutter-app-icon-114-retina.png */,
				8F250107146BC71000453E58 /* studifutter-app-icon-512.png */,
				8F250108146BC71000453E58 /* studifutter-app-icon-57-getanewphoneres.png */,
				8F250109146BC71000453E58 /* studifutter-app-icon-spotlight-29.png */,
				8F25010A146BC71000453E58 /* studifutter-app-icon-spotlight-58-retina.png */,
			);
			path = "ICON-DERIVATE";
			sourceTree = "<group>";
		};
		8F450BFA1534628600F647CF /* TestFlightSDK1 */ = {
			isa = PBXGroup;
			children = (
				8F450C04153468BF00F647CF /* libTestFlight.a */,
				8F450BFC1534628600F647CF /* README.txt */,
				8F450BFD1534628600F647CF /* release_notes.txt */,
				8F450BFE1534628600F647CF /* TestFlight.h */,
			);
			path = TestFlightSDK1;
			sourceTree = "<group>";
		};
		8F729BB0145F232F00FE166B /* ViewController */ = {
			isa = PBXGroup;
			children = (
				8F1A53BA149CFEF700F915DE /* Super classes */,
				8F729BB2145F23A300FE166B /* SFRestaurantViewController.h */,
				8F729BB3145F23A300FE166B /* SFRestaurantViewController.m */,
				8F729BC3145F245800FE166B /* SFInfoViewController.h */,
				8F729BC4145F245800FE166B /* SFInfoViewController.m */,
				8F729BB5145F23BB00FE166B /* SFDayListViewController.h */,
				8F729BB6145F23BB00FE166B /* SFDayListViewController.m */,
				8F729BB8145F240700FE166B /* SFMenuViewController.h */,
				8F729BB9145F240700FE166B /* SFMenuViewController.m */,
				8F729BBD145F243900FE166B /* SFRestaurantDetailViewController.h */,
				8F729BBE145F243900FE166B /* SFRestaurantDetailViewController.m */,
				8FAC6EFA1535D3B100661B89 /* SFWebViewController.h */,
				8FAC6EFB1535D3B100661B89 /* SFWebViewController.m */,
			);
			name = ViewController;
			sourceTree = "<group>";
		};
		8F729BC2145F244000FE166B /* Views */ = {
			isa = PBXGroup;
			children = (
				8F910BD9146AEC6D001F4E74 /* RestaurantTableViewCell.h */,
				8F910BDA146AEC6D001F4E74 /* RestaurantTableViewCell.m */,
				8F910BDD146AF17F001F4E74 /* DayTableViewCell.h */,
				8F910BDE146AF180001F4E74 /* DayTableViewCell.m */,
				8F5E9E5B147D907900FF2327 /* MenuTableViewCell.h */,
				8F5E9E5C147D907900FF2327 /* MenuTableViewCell.m */,
				8F1A53BB149CFFAC00F915DE /* FHGradientView.h */,
				8F1A53BC149CFFAC00F915DE /* FHGradientView.m */,
				8F5D2C6114A20EA7007023AF /* PostItView.h */,
				8F5D2C6214A20EA7007023AF /* PostItView.m */,
			);
			name = Views;
			sourceTree = "<group>";
		};
		8F729BC8145F247500FE166B /* Resources */ = {
			isa = PBXGroup;
			children = (
				8FFC1BA51523413B001F0EF1 /* MainStoryboard.storyboard */,
				8F729BC9145F248C00FE166B /* Graphics */,
			);
			name = Resources;
			sourceTree = "<group>";
		};
		8F729BC9145F248C00FE166B /* Graphics */ = {
			isa = PBXGroup;
			children = (
				8F04F2301536FC5200BA25C7 /* pin.png */,
				8F04F22D1536F5F100BA25C7 /* info-white.png */,
				8F6232F3153613E200BA786E /* mail1.png */,
				8F6232F4153613E200BA786E /* twitter.png */,
				8FD1583D1536117B0078508A /* info.png */,
				8F6F1348147E990600FE5455 /* studifutter-infoscreen-blanko.png */,
				8F6F1349147E990600FE5455 /* studifutter-pattern.png */,
				8F6F134A147E990600FE5455 /* studifutter-post-it.png */,
				8F78A2811521E8B90060BE14 /* Default.png */,
				8F5E9E56147D8C5900FF2327 /* studifutter-schnipsel.png */,
				8F250105146BC71000453E58 /* ICON-DERIVATE */,
			);
			name = Graphics;
			sourceTree = "<group>";
		};
		8F729BCA145F24F400FE166B /* Model */ = {
			isa = PBXGroup;
			children = (
				8F0BA7A4145C72F1003E2DE0 /* Studifutter.xcdatamodeld */,
				8F729C361464BADD00FE166B /* Human */,
				8F729C3D1464BADD00FE166B /* Machine */,
			);
			name = Model;
			sourceTree = "<group>";
		};
		8F729BCE145F2AC300FE166B /* Network */ = {
			isa = PBXGroup;
			children = (
				8F729C1A1460322000FE166B /* Reachability.h */,
				8F729C1B1460322100FE166B /* Reachability.m */,
				8F729C121460313900FE166B /* Connection.h */,
				8F729C131460313900FE166B /* Connection.m */,
				8F729BFB145F2D5100FE166B /* SFAPICall.h */,
				8F729BFC145F2D5100FE166B /* SFAPICall.m */,
				8F729BFD145F2D5100FE166B /* SFAPIException.h */,
				8F729BFE145F2D5100FE166B /* SFAPIException.m */,
			);
			name = Network;
			sourceTree = "<group>";
		};
		8F729BCF145F2AD000FE166B /* Misc */ = {
			isa = PBXGroup;
			children = (
				8F729C01145F2DA300FE166B /* Constants.h */,
				8F729C07145F31F600FE166B /* Common.h */,
				8F729C08145F31F600FE166B /* Common.m */,
				8F729C04145F2DE700FE166B /* NSString+URLEncode.h */,
				8F729C05145F2DE700FE166B /* NSString+URLEncode.m */,
				8F44E311151B6384007CBE1A /* NSString+TrimWhitespace.h */,
				8F44E312151B6384007CBE1A /* NSString+TrimWhitespace.m */,
			);
			name = Misc;
			sourceTree = "<group>";
		};
		8F729BD0145F2B4300FE166B /* SBJson */ = {
			isa = PBXGroup;
			children = (
				8F729BD1145F2B4300FE166B /* JSON.h */,
				8F729BD2145F2B4300FE166B /* NSObject+SBJson.h */,
				8F729BD3145F2B4300FE166B /* NSObject+SBJson.m */,
				8F729BD4145F2B4300FE166B /* SBJson.h */,
				8F729BD5145F2B4300FE166B /* SBJsonParser.h */,
				8F729BD6145F2B4300FE166B /* SBJsonParser.m */,
				8F729BD7145F2B4300FE166B /* SBJsonStreamParser.h */,
				8F729BD8145F2B4300FE166B /* SBJsonStreamParser.m */,
				8F729BD9145F2B4300FE166B /* SBJsonStreamParserAccumulator.h */,
				8F729BDA145F2B4300FE166B /* SBJsonStreamParserAccumulator.m */,
				8F729BDB145F2B4300FE166B /* SBJsonStreamParserAdapter.h */,
				8F729BDC145F2B4300FE166B /* SBJsonStreamParserAdapter.m */,
				8F729BDD145F2B4300FE166B /* SBJsonStreamParserState.h */,
				8F729BDE145F2B4300FE166B /* SBJsonStreamParserState.m */,
				8F729BDF145F2B4300FE166B /* SBJsonStreamWriter.h */,
				8F729BE0145F2B4300FE166B /* SBJsonStreamWriter.m */,
				8F729BE1145F2B4300FE166B /* SBJsonStreamWriterAccumulator.h */,
				8F729BE2145F2B4300FE166B /* SBJsonStreamWriterAccumulator.m */,
				8F729BE3145F2B4300FE166B /* SBJsonStreamWriterState.h */,
				8F729BE4145F2B4300FE166B /* SBJsonStreamWriterState.m */,
				8F729BE5145F2B4300FE166B /* SBJsonTokeniser.h */,
				8F729BE6145F2B4300FE166B /* SBJsonTokeniser.m */,
				8F729BE7145F2B4300FE166B /* SBJsonUTF8Stream.h */,
				8F729BE8145F2B4300FE166B /* SBJsonUTF8Stream.m */,
				8F729BE9145F2B4300FE166B /* SBJsonWriter.h */,
				8F729BEA145F2B4300FE166B /* SBJsonWriter.m */,
			);
			name = SBJson;
			path = Studifutter/SBJson;
			sourceTree = "<group>";
		};
		8F729C361464BADD00FE166B /* Human */ = {
			isa = PBXGroup;
			children = (
				8F10D78B146AE0F700896CE9 /* MenuSet.h */,
				8F10D78C146AE0F700896CE9 /* MenuSet.m */,
				8F729C391464BADD00FE166B /* Menu.h */,
				8F729C3A1464BADD00FE166B /* Menu.m */,
				8F729C3B1464BADD00FE166B /* Restaurant.h */,
				8F729C3C1464BADD00FE166B /* Restaurant.m */,
			);
			path = Human;
			sourceTree = "<group>";
		};
		8F729C3D1464BADD00FE166B /* Machine */ = {
			isa = PBXGroup;
			children = (
				8F10D78F146AE10300896CE9 /* _MenuSet.h */,
				8F10D790146AE10300896CE9 /* _MenuSet.m */,
				8F729C3E1464BADD00FE166B /* _Menu.h */,
				8F729C3F1464BADD00FE166B /* _Menu.m */,
				8F729C401464BADD00FE166B /* _Restaurant.h */,
				8F729C411464BADD00FE166B /* _Restaurant.m */,
			);
			path = Machine;
			sourceTree = "<group>";
		};
/* End PBXGroup section */

/* Begin PBXNativeTarget section */
		8F0BA788145C72F1003E2DE0 /* Studifutter */ = {
			isa = PBXNativeTarget;
			buildConfigurationList = 8F0BA7C5145C72F2003E2DE0 /* Build configuration list for PBXNativeTarget "Studifutter" */;
			buildPhases = (
				8F0BA785145C72F1003E2DE0 /* Sources */,
				8F0BA786145C72F1003E2DE0 /* Frameworks */,
				8F0BA787145C72F1003E2DE0 /* Resources */,
			);
			buildRules = (
			);
			dependencies = (
			);
			name = Studifutter;
			productName = Studifutter;
			productReference = 8F0BA789145C72F1003E2DE0 /* Studifutter.app */;
			productType = "com.apple.product-type.application";
		};
		8F0BA7B1145C72F2003E2DE0 /* StudifutterTests */ = {
			isa = PBXNativeTarget;
			buildConfigurationList = 8F0BA7C8145C72F2003E2DE0 /* Build configuration list for PBXNativeTarget "StudifutterTests" */;
			buildPhases = (
				8F0BA7AD145C72F2003E2DE0 /* Sources */,
				8F0BA7AE145C72F2003E2DE0 /* Frameworks */,
				8F0BA7AF145C72F2003E2DE0 /* Resources */,
				8F0BA7B0145C72F2003E2DE0 /* ShellScript */,
			);
			buildRules = (
			);
			dependencies = (
				8F0BA7B9145C72F2003E2DE0 /* PBXTargetDependency */,
			);
			name = StudifutterTests;
			productName = StudifutterTests;
			productReference = 8F0BA7B2145C72F2003E2DE0 /* StudifutterTests.octest */;
			productType = "com.apple.product-type.bundle";
		};
/* End PBXNativeTarget section */

/* Begin PBXProject section */
		8F0BA780145C72F1003E2DE0 /* Project object */ = {
			isa = PBXProject;
			attributes = {
				LastUpgradeCheck = 0430;
				ORGANIZATIONNAME = "rootof.net Heiber & Wiewel GbR";
			};
			buildConfigurationList = 8F0BA783145C72F1003E2DE0 /* Build configuration list for PBXProject "Studifutter" */;
			compatibilityVersion = "Xcode 3.2";
			developmentRegion = English;
			hasScannedForEncodings = 0;
			knownRegions = (
				en,
				de,
			);
			mainGroup = 8F0BA77E145C72F1003E2DE0;
			productRefGroup = 8F0BA78A145C72F1003E2DE0 /* Products */;
			projectDirPath = "";
			projectRoot = "";
			targets = (
				8F0BA788145C72F1003E2DE0 /* Studifutter */,
				8F0BA7B1145C72F2003E2DE0 /* StudifutterTests */,
			);
		};
/* End PBXProject section */

/* Begin PBXResourcesBuildPhase section */
		8F0BA787145C72F1003E2DE0 /* Resources */ = {
			isa = PBXResourcesBuildPhase;
			buildActionMask = 2147483647;
			files = (
				8F10D77314697CF700896CE9 /* MainStoryboard.storyboard in Resources */,
				8F25010C146BC71000453E58 /* studifutter-app-icon-114-retina.png in Resources */,
				8F25010D146BC71000453E58 /* studifutter-app-icon-512.png in Resources */,
				8F25010E146BC71000453E58 /* studifutter-app-icon-57-getanewphoneres.png in Resources */,
				8F25010F146BC71000453E58 /* studifutter-app-icon-spotlight-29.png in Resources */,
				8F250110146BC71000453E58 /* studifutter-app-icon-spotlight-58-retina.png in Resources */,
				8F5E9E58147D8C5900FF2327 /* studifutter-schnipsel.png in Resources */,
				8F78A27F1521E8B90060BE14 /* Default.png in Resources */,
				8F6F134B147E990600FE5455 /* studifutter-infoscreen-blanko.png in Resources */,
				8F6F134C147E990600FE5455 /* studifutter-pattern.png in Resources */,
				8F6F134D147E990600FE5455 /* studifutter-post-it.png in Resources */,
				8F78A2851521F0090060BE14 /* Localizable.strings in Resources */,
				8FFC1BA71523413B001F0EF1 /* MainStoryboard.storyboard in Resources */,
				8FFC1BAC15234163001F0EF1 /* InfoPlist.strings in Resources */,
				8F450C001534628600F647CF /* README.txt in Resources */,
				8F450C011534628600F647CF /* release_notes.txt in Resources */,
				8FD1583E1536117B0078508A /* info.png in Resources */,
				8F6232F5153613E200BA786E /* mail1.png in Resources */,
				8F6232F6153613E200BA786E /* twitter.png in Resources */,
				8F04F22E1536F5F100BA25C7 /* info-white.png in Resources */,
				8F04F2311536FC5200BA25C7 /* pin.png in Resources */,
			);
			runOnlyForDeploymentPostprocessing = 0;
		};
		8F0BA7AF145C72F2003E2DE0 /* Resources */ = {
			isa = PBXResourcesBuildPhase;
			buildActionMask = 2147483647;
			files = (
				8F0BA7BF145C72F2003E2DE0 /* InfoPlist.strings in Resources */,
			);
			runOnlyForDeploymentPostprocessing = 0;
		};
/* End PBXResourcesBuildPhase section */

/* Begin PBXShellScriptBuildPhase section */
		8F0BA7B0145C72F2003E2DE0 /* ShellScript */ = {
			isa = PBXShellScriptBuildPhase;
			buildActionMask = 2147483647;
			files = (
			);
			inputPaths = (
			);
			outputPaths = (
			);
			runOnlyForDeploymentPostprocessing = 0;
			shellPath = /bin/sh;
			shellScript = "# Run the unit tests in this test bundle.\n\"${SYSTEM_DEVELOPER_DIR}/Tools/RunUnitTests\"\n";
		};
/* End PBXShellScriptBuildPhase section */

/* Begin PBXSourcesBuildPhase section */
		8F0BA785145C72F1003E2DE0 /* Sources */ = {
			isa = PBXSourcesBuildPhase;
			buildActionMask = 2147483647;
			files = (
				8F0BA79C145C72F1003E2DE0 /* main.m in Sources */,
				8F0BA7A0145C72F1003E2DE0 /* SFAppDelegate.m in Sources */,
				8F0BA7A6145C72F2003E2DE0 /* Studifutter.xcdatamodeld in Sources */,
				8F729BB4145F23A300FE166B /* SFRestaurantViewController.m in Sources */,
				8F729BB7145F23BB00FE166B /* SFDayListViewController.m in Sources */,
				8F729BBA145F240700FE166B /* SFMenuViewController.m in Sources */,
				8F729BC0145F243900FE166B /* SFRestaurantDetailViewController.m in Sources */,
				8F729BC6145F245800FE166B /* SFInfoViewController.m in Sources */,
				8F729BEB145F2B4300FE166B /* NSObject+SBJson.m in Sources */,
				8F729BEC145F2B4300FE166B /* SBJsonParser.m in Sources */,
				8F729BED145F2B4300FE166B /* SBJsonStreamParser.m in Sources */,
				8F729BEE145F2B4300FE166B /* SBJsonStreamParserAccumulator.m in Sources */,
				8F729BEF145F2B4300FE166B /* SBJsonStreamParserAdapter.m in Sources */,
				8F729BF0145F2B4300FE166B /* SBJsonStreamParserState.m in Sources */,
				8F729BF1145F2B4300FE166B /* SBJsonStreamWriter.m in Sources */,
				8F729BF2145F2B4300FE166B /* SBJsonStreamWriterAccumulator.m in Sources */,
				8F729BF3145F2B4300FE166B /* SBJsonStreamWriterState.m in Sources */,
				8F729BF4145F2B4300FE166B /* SBJsonTokeniser.m in Sources */,
				8F729BF5145F2B4300FE166B /* SBJsonUTF8Stream.m in Sources */,
				8F729BF6145F2B4300FE166B /* SBJsonWriter.m in Sources */,
				8F729BFF145F2D5100FE166B /* SFAPICall.m in Sources */,
				8F729C00145F2D5100FE166B /* SFAPIException.m in Sources */,
				8F729C06145F2DE700FE166B /* NSString+URLEncode.m in Sources */,
				8F729C09145F31F600FE166B /* Common.m in Sources */,
				8F729C141460313900FE166B /* Connection.m in Sources */,
				8F729C1C1460322100FE166B /* Reachability.m in Sources */,
				8F729C441464BADD00FE166B /* Menu.m in Sources */,
				8F729C451464BADD00FE166B /* Restaurant.m in Sources */,
				8F729C461464BADD00FE166B /* _Menu.m in Sources */,
				8F729C471464BADD00FE166B /* _Restaurant.m in Sources */,
				8F10D78D146AE0F700896CE9 /* MenuSet.m in Sources */,
				8F10D791146AE10300896CE9 /* _MenuSet.m in Sources */,
				8F910BDB146AEC6D001F4E74 /* RestaurantTableViewCell.m in Sources */,
				8F910BDF146AF180001F4E74 /* DayTableViewCell.m in Sources */,
				8F5E9E5D147D907900FF2327 /* MenuTableViewCell.m in Sources */,
				8F7C9D04147E971E00AB17E9 /* SFViewController.m in Sources */,
				8F7C9D08147E972F00AB17E9 /* SFTableViewController.m in Sources */,
				8F1A53BD149CFFAC00F915DE /* FHGradientView.m in Sources */,
				8F5D2C6314A20EA7007023AF /* PostItView.m in Sources */,
				8F44E313151B6384007CBE1A /* NSString+TrimWhitespace.m in Sources */,
				8FAC6EFC1535D3B100661B89 /* SFWebViewController.m in Sources */,
			);
			runOnlyForDeploymentPostprocessing = 0;
		};
		8F0BA7AD145C72F2003E2DE0 /* Sources */ = {
			isa = PBXSourcesBuildPhase;
			buildActionMask = 2147483647;
			files = (
				8F0BA7C2145C72F2003E2DE0 /* StudifutterTests.m in Sources */,
			);
			runOnlyForDeploymentPostprocessing = 0;
		};
/* End PBXSourcesBuildPhase section */

/* Begin PBXTargetDependency section */
		8F0BA7B9145C72F2003E2DE0 /* PBXTargetDependency */ = {
			isa = PBXTargetDependency;
			target = 8F0BA788145C72F1003E2DE0 /* Studifutter */;
			targetProxy = 8F0BA7B8145C72F2003E2DE0 /* PBXContainerItemProxy */;
		};
/* End PBXTargetDependency section */

/* Begin PBXVariantGroup section */
		8F0BA7BD145C72F2003E2DE0 /* InfoPlist.strings */ = {
			isa = PBXVariantGroup;
			children = (
				8F0BA7BE145C72F2003E2DE0 /* en */,
				8F78A27E1521E36D0060BE14 /* de */,
			);
			name = InfoPlist.strings;
			sourceTree = "<group>";
		};
		8F10D77114697CF700896CE9 /* MainStoryboard.storyboard */ = {
			isa = PBXVariantGroup;
			children = (
			);
			name = MainStoryboard.storyboard;
			path = "/Users/flohei/dev/studifutter-repo/trunk/app/Studifutter";
			sourceTree = "<absolute>";
		};
		8F78A2811521E8B90060BE14 /* Default.png */ = {
			isa = PBXVariantGroup;
			children = (
				8F78A2801521E8B90060BE14 /* en */,
				8F78A2821521E8C30060BE14 /* de */,
			);
			name = Default.png;
			sourceTree = "<group>";
		};
		8F78A2831521F0090060BE14 /* Localizable.strings */ = {
			isa = PBXVariantGroup;
			children = (
				8F78A2841521F0090060BE14 /* de */,
				8F78A28A1521F0470060BE14 /* en */,
			);
			name = Localizable.strings;
			sourceTree = "<group>";
		};
		8FFC1BA51523413B001F0EF1 /* MainStoryboard.storyboard */ = {
			isa = PBXVariantGroup;
			children = (
				8FFC1BA61523413B001F0EF1 /* de */,
				8FFC1BA815234144001F0EF1 /* en */,
			);
			name = MainStoryboard.storyboard;
			sourceTree = "<group>";
		};
		8FFC1BAA15234163001F0EF1 /* InfoPlist.strings */ = {
			isa = PBXVariantGroup;
			children = (
				8FFC1BAB15234163001F0EF1 /* de */,
				8FFC1BAD1523416B001F0EF1 /* en */,
			);
			name = InfoPlist.strings;
			sourceTree = "<group>";
		};
/* End PBXVariantGroup section */

/* Begin XCBuildConfiguration section */
		8F0BA7C3145C72F2003E2DE0 /* Debug */ = {
			isa = XCBuildConfiguration;
			buildSettings = {
				ALWAYS_SEARCH_USER_PATHS = NO;
				ARCHS = "$(ARCHS_STANDARD_32_BIT)";
				CLANG_ENABLE_OBJC_ARC = YES;
				"CODE_SIGN_IDENTITY[sdk=iphoneos*]" = "iPhone Developer: Florian Heiber (5LCRQN3WPA)";
				COPY_PHASE_STRIP = NO;
				GCC_C_LANGUAGE_STANDARD = gnu99;
				GCC_DYNAMIC_NO_PIC = NO;
				GCC_OPTIMIZATION_LEVEL = 0;
				GCC_PREPROCESSOR_DEFINITIONS = (
					"DEBUG=1",
					"$(inherited)",
				);
				GCC_SYMBOLS_PRIVATE_EXTERN = NO;
				GCC_VERSION = com.apple.compilers.llvm.clang.1_0;
				GCC_WARN_ABOUT_MISSING_PROTOTYPES = YES;
				GCC_WARN_ABOUT_RETURN_TYPE = YES;
				GCC_WARN_UNUSED_VARIABLE = YES;
				IPHONEOS_DEPLOYMENT_TARGET = 5.0;
				SDKROOT = iphoneos;
			};
			name = Debug;
		};
		8F0BA7C4145C72F2003E2DE0 /* Release */ = {
			isa = XCBuildConfiguration;
			buildSettings = {
				ALWAYS_SEARCH_USER_PATHS = NO;
				ARCHS = "$(ARCHS_STANDARD_32_BIT)";
				CLANG_ENABLE_OBJC_ARC = YES;
				CODE_SIGN_IDENTITY = "iPhone Distribution";
				"CODE_SIGN_IDENTITY[sdk=iphoneos*]" = "iPhone Distribution";
				COPY_PHASE_STRIP = YES;
				GCC_C_LANGUAGE_STANDARD = gnu99;
				GCC_VERSION = com.apple.compilers.llvm.clang.1_0;
				GCC_WARN_ABOUT_MISSING_PROTOTYPES = YES;
				GCC_WARN_ABOUT_RETURN_TYPE = YES;
				GCC_WARN_UNUSED_VARIABLE = YES;
				IPHONEOS_DEPLOYMENT_TARGET = 5.0;
				OTHER_CFLAGS = "-DNS_BLOCK_ASSERTIONS=1";
				PROVISIONING_PROFILE = "";
				"PROVISIONING_PROFILE[sdk=iphoneos*]" = "";
				SDKROOT = iphoneos;
				VALIDATE_PRODUCT = YES;
			};
			name = Release;
		};
		8F0BA7C6145C72F2003E2DE0 /* Debug */ = {
			isa = XCBuildConfiguration;
			buildSettings = {
				GCC_PRECOMPILE_PREFIX_HEADER = YES;
				GCC_PREFIX_HEADER = "Studifutter/Studifutter-Prefix.pch";
				INFOPLIST_FILE = "Studifutter/Studifutter-Info.plist";
				IPHONEOS_DEPLOYMENT_TARGET = 5.0;
				LIBRARY_SEARCH_PATHS = (
					"$(inherited)",
					"\"$(SRCROOT)/TestFlightSDK1\"",
				);
				PRODUCT_NAME = "$(TARGET_NAME)";
				WRAPPER_EXTENSION = app;
			};
			name = Debug;
		};
		8F0BA7C7145C72F2003E2DE0 /* Release */ = {
			isa = XCBuildConfiguration;
			buildSettings = {
				GCC_PRECOMPILE_PREFIX_HEADER = YES;
				GCC_PREFIX_HEADER = "Studifutter/Studifutter-Prefix.pch";
				INFOPLIST_FILE = "Studifutter/Studifutter-Info.plist";
				IPHONEOS_DEPLOYMENT_TARGET = 5.0;
				LIBRARY_SEARCH_PATHS = (
					"$(inherited)",
					"\"$(SRCROOT)/TestFlightSDK1\"",
				);
				PRODUCT_NAME = "$(TARGET_NAME)";
				WRAPPER_EXTENSION = app;
			};
			name = Release;
		};
		8F0BA7C9145C72F2003E2DE0 /* Debug */ = {
			isa = XCBuildConfiguration;
			buildSettings = {
				BUNDLE_LOADER = "$(BUILT_PRODUCTS_DIR)/Studifutter.app/Studifutter";
				FRAMEWORK_SEARCH_PATHS = (
					"$(SDKROOT)/Developer/Library/Frameworks",
					"$(DEVELOPER_LIBRARY_DIR)/Frameworks",
				);
				GCC_PRECOMPILE_PREFIX_HEADER = YES;
				GCC_PREFIX_HEADER = "Studifutter/Studifutter-Prefix.pch";
				INFOPLIST_FILE = "StudifutterTests/StudifutterTests-Info.plist";
				PRODUCT_NAME = "$(TARGET_NAME)";
				TEST_HOST = "$(BUNDLE_LOADER)";
				WRAPPER_EXTENSION = octest;
			};
			name = Debug;
		};
		8F0BA7CA145C72F2003E2DE0 /* Release */ = {
			isa = XCBuildConfiguration;
			buildSettings = {
				BUNDLE_LOADER = "$(BUILT_PRODUCTS_DIR)/Studifutter.app/Studifutter";
				FRAMEWORK_SEARCH_PATHS = (
					"$(SDKROOT)/Developer/Library/Frameworks",
					"$(DEVELOPER_LIBRARY_DIR)/Frameworks",
				);
				GCC_PRECOMPILE_PREFIX_HEADER = YES;
				GCC_PREFIX_HEADER = "Studifutter/Studifutter-Prefix.pch";
				INFOPLIST_FILE = "StudifutterTests/StudifutterTests-Info.plist";
				PRODUCT_NAME = "$(TARGET_NAME)";
				TEST_HOST = "$(BUNDLE_LOADER)";
				WRAPPER_EXTENSION = octest;
			};
			name = Release;
		};
/* End XCBuildConfiguration section */

/* Begin XCConfigurationList section */
		8F0BA783145C72F1003E2DE0 /* Build configuration list for PBXProject "Studifutter" */ = {
			isa = XCConfigurationList;
			buildConfigurations = (
				8F0BA7C3145C72F2003E2DE0 /* Debug */,
				8F0BA7C4145C72F2003E2DE0 /* Release */,
			);
			defaultConfigurationIsVisible = 0;
			defaultConfigurationName = Release;
		};
		8F0BA7C5145C72F2003E2DE0 /* Build configuration list for PBXNativeTarget "Studifutter" */ = {
			isa = XCConfigurationList;
			buildConfigurations = (
				8F0BA7C6145C72F2003E2DE0 /* Debug */,
				8F0BA7C7145C72F2003E2DE0 /* Release */,
			);
			defaultConfigurationIsVisible = 0;
			defaultConfigurationName = Release;
		};
		8F0BA7C8145C72F2003E2DE0 /* Build configuration list for PBXNativeTarget "StudifutterTests" */ = {
			isa = XCConfigurationList;
			buildConfigurations = (
				8F0BA7C9145C72F2003E2DE0 /* Debug */,
				8F0BA7CA145C72F2003E2DE0 /* Release */,
			);
			defaultConfigurationIsVisible = 0;
			defaultConfigurationName = Release;
		};
/* End XCConfigurationList section */

/* Begin XCVersionGroup section */
		8F0BA7A4145C72F1003E2DE0 /* Studifutter.xcdatamodeld */ = {
			isa = XCVersionGroup;
			children = (
				8F0BA7A5145C72F1003E2DE0 /* Studifutter.xcdatamodel */,
			);
			currentVersion = 8F0BA7A5145C72F1003E2DE0 /* Studifutter.xcdatamodel */;
			path = Studifutter.xcdatamodeld;
			sourceTree = "<group>";
			versionGroupType = wrapper.xcdatamodel;
		};
/* End XCVersionGroup section */
	};
	rootObject = 8F0BA780145C72F1003E2DE0 /* Project object */;
}
